// !$*UTF8*$!
{
	archiveVersion = 1;
	classes = {
	};
	objectVersion = 46;
	objects = {

/* Begin PBXBuildFile section */
		1B19834918A618A60022A285 /* DetailViewController.m in Sources */ = {isa = PBXBuildFile; fileRef = 1B19834818A618A60022A285 /* DetailViewController.m */; };
		1B2076EB18AAA65100FE7088 /* AlertViewController.m in Sources */ = {isa = PBXBuildFile; fileRef = 1B2076EA18AAA65100FE7088 /* AlertViewController.m */; };
		1B3744FA18A5A842007CF08C /* InfoSessionsViewController.m in Sources */ = {isa = PBXBuildFile; fileRef = 1B3744F918A5A842007CF08C /* InfoSessionsViewController.m */; };
		1B37450F18A5B163007CF08C /* AFHTTPRequestOperation.m in Sources */ = {isa = PBXBuildFile; fileRef = 1B3744FD18A5B163007CF08C /* AFHTTPRequestOperation.m */; };
		1B37451018A5B163007CF08C /* AFHTTPRequestOperationManager.m in Sources */ = {isa = PBXBuildFile; fileRef = 1B3744FF18A5B163007CF08C /* AFHTTPRequestOperationManager.m */; };
		1B37451118A5B163007CF08C /* AFHTTPSessionManager.m in Sources */ = {isa = PBXBuildFile; fileRef = 1B37450118A5B163007CF08C /* AFHTTPSessionManager.m */; };
		1B37451218A5B163007CF08C /* AFNetworkReachabilityManager.m in Sources */ = {isa = PBXBuildFile; fileRef = 1B37450418A5B163007CF08C /* AFNetworkReachabilityManager.m */; };
		1B37451318A5B163007CF08C /* AFSecurityPolicy.m in Sources */ = {isa = PBXBuildFile; fileRef = 1B37450618A5B163007CF08C /* AFSecurityPolicy.m */; };
		1B37451418A5B163007CF08C /* AFURLConnectionOperation.m in Sources */ = {isa = PBXBuildFile; fileRef = 1B37450818A5B163007CF08C /* AFURLConnectionOperation.m */; };
		1B37451518A5B163007CF08C /* AFURLRequestSerialization.m in Sources */ = {isa = PBXBuildFile; fileRef = 1B37450A18A5B163007CF08C /* AFURLRequestSerialization.m */; };
		1B37451618A5B163007CF08C /* AFURLResponseSerialization.m in Sources */ = {isa = PBXBuildFile; fileRef = 1B37450C18A5B163007CF08C /* AFURLResponseSerialization.m */; };
		1B37451718A5B163007CF08C /* AFURLSessionManager.m in Sources */ = {isa = PBXBuildFile; fileRef = 1B37450E18A5B163007CF08C /* AFURLSessionManager.m */; };
		1B37452818A5B169007CF08C /* AFNetworkActivityIndicatorManager.m in Sources */ = {isa = PBXBuildFile; fileRef = 1B37451A18A5B169007CF08C /* AFNetworkActivityIndicatorManager.m */; };
		1B37452918A5B169007CF08C /* UIActivityIndicatorView+AFNetworking.m in Sources */ = {isa = PBXBuildFile; fileRef = 1B37451C18A5B169007CF08C /* UIActivityIndicatorView+AFNetworking.m */; };
		1B37452A18A5B169007CF08C /* UIAlertView+AFNetworking.m in Sources */ = {isa = PBXBuildFile; fileRef = 1B37451E18A5B169007CF08C /* UIAlertView+AFNetworking.m */; };
		1B37452B18A5B169007CF08C /* UIButton+AFNetworking.m in Sources */ = {isa = PBXBuildFile; fileRef = 1B37452018A5B169007CF08C /* UIButton+AFNetworking.m */; };
		1B37452C18A5B169007CF08C /* UIImageView+AFNetworking.m in Sources */ = {isa = PBXBuildFile; fileRef = 1B37452218A5B169007CF08C /* UIImageView+AFNetworking.m */; };
		1B37452D18A5B169007CF08C /* UIProgressView+AFNetworking.m in Sources */ = {isa = PBXBuildFile; fileRef = 1B37452518A5B169007CF08C /* UIProgressView+AFNetworking.m */; };
		1B37452E18A5B169007CF08C /* UIWebView+AFNetworking.m in Sources */ = {isa = PBXBuildFile; fileRef = 1B37452718A5B169007CF08C /* UIWebView+AFNetworking.m */; };
		1B37453718A5BA28007CF08C /* InfoSession.m in Sources */ = {isa = PBXBuildFile; fileRef = 1B37453618A5BA28007CF08C /* InfoSession.m */; };
		1B37453C18A5D0CE007CF08C /* AFUwaterlooApiClient.m in Sources */ = {isa = PBXBuildFile; fileRef = 1B37453B18A5D0CE007CF08C /* AFUwaterlooApiClient.m */; };
		1B6F54C618AC218600D3DD47 /* EventKit.framework in Frameworks */ = {isa = PBXBuildFile; fileRef = 1B6F54C518AC218600D3DD47 /* EventKit.framework */; };
		1B6F54C818AC219000D3DD47 /* EventKitUI.framework in Frameworks */ = {isa = PBXBuildFile; fileRef = 1B6F54C718AC219000D3DD47 /* EventKitUI.framework */; };
		1B717E5F18A7F7DC00E20A29 /* DetailLinkCell.m in Sources */ = {isa = PBXBuildFile; fileRef = 1B717E5E18A7F7DC00E20A29 /* DetailLinkCell.m */; };
		1B717E6518A809F900E20A29 /* DetailRSVPCell.m in Sources */ = {isa = PBXBuildFile; fileRef = 1B717E6418A809F900E20A29 /* DetailRSVPCell.m */; };
		1B717E6D18A80A7A00E20A29 /* InfoSessionCell.m in Sources */ = {isa = PBXBuildFile; fileRef = 1B717E6A18A80A7A00E20A29 /* InfoSessionCell.m */; };
		1B717E6E18A80A7A00E20A29 /* LoadingCell.m in Sources */ = {isa = PBXBuildFile; fileRef = 1B717E6C18A80A7A00E20A29 /* LoadingCell.m */; };
		1B717E7118A80B8200E20A29 /* DetailDescriptionCell.m in Sources */ = {isa = PBXBuildFile; fileRef = 1B717E7018A80B8200E20A29 /* DetailDescriptionCell.m */; };
		1B717E7618A8294600E20A29 /* DetailNormalCell.m in Sources */ = {isa = PBXBuildFile; fileRef = 1B717E7518A8294600E20A29 /* DetailNormalCell.m */; };
		1BAD97E618A98F65006F4546 /* InfoSessionModel.m in Sources */ = {isa = PBXBuildFile; fileRef = 1BAD97E518A98F65006F4546 /* InfoSessionModel.m */; };
		1BAD97E918A9CAE2006F4546 /* UWTabBarController.m in Sources */ = {isa = PBXBuildFile; fileRef = 1BAD97E818A9CAE2006F4546 /* UWTabBarController.m */; };
		1BAD97EF18A9DEF6006F4546 /* MyInfoViewController.m in Sources */ = {isa = PBXBuildFile; fileRef = 1BAD97EE18A9DEF6006F4546 /* MyInfoViewController.m */; };
		1BAD97F218A9DF30006F4546 /* SearchViewController.m in Sources */ = {isa = PBXBuildFile; fileRef = 1BAD97F118A9DF30006F4546 /* SearchViewController.m */; };
		1BD83A9518A59F1C00EDBB6D /* Foundation.framework in Frameworks */ = {isa = PBXBuildFile; fileRef = 1BD83A9418A59F1C00EDBB6D /* Foundation.framework */; };
		1BD83A9718A59F1C00EDBB6D /* CoreGraphics.framework in Frameworks */ = {isa = PBXBuildFile; fileRef = 1BD83A9618A59F1C00EDBB6D /* CoreGraphics.framework */; };
		1BD83A9918A59F1C00EDBB6D /* UIKit.framework in Frameworks */ = {isa = PBXBuildFile; fileRef = 1BD83A9818A59F1C00EDBB6D /* UIKit.framework */; };
		1BD83A9F18A59F1C00EDBB6D /* InfoPlist.strings in Resources */ = {isa = PBXBuildFile; fileRef = 1BD83A9D18A59F1C00EDBB6D /* InfoPlist.strings */; };
		1BD83AA118A59F1C00EDBB6D /* main.m in Sources */ = {isa = PBXBuildFile; fileRef = 1BD83AA018A59F1C00EDBB6D /* main.m */; };
		1BD83AA518A59F1C00EDBB6D /* UWAppDelegate.m in Sources */ = {isa = PBXBuildFile; fileRef = 1BD83AA418A59F1C00EDBB6D /* UWAppDelegate.m */; };
		1BD83AA818A59F1C00EDBB6D /* Main.storyboard in Resources */ = {isa = PBXBuildFile; fileRef = 1BD83AA618A59F1C00EDBB6D /* Main.storyboard */; };
		1BD83AB018A59F1C00EDBB6D /* Images.xcassets in Resources */ = {isa = PBXBuildFile; fileRef = 1BD83AAF18A59F1C00EDBB6D /* Images.xcassets */; };
		1BD83AB718A59F1D00EDBB6D /* XCTest.framework in Frameworks */ = {isa = PBXBuildFile; fileRef = 1BD83AB618A59F1D00EDBB6D /* XCTest.framework */; };
		1BD83AB818A59F1D00EDBB6D /* Foundation.framework in Frameworks */ = {isa = PBXBuildFile; fileRef = 1BD83A9418A59F1C00EDBB6D /* Foundation.framework */; };
		1BD83AB918A59F1D00EDBB6D /* UIKit.framework in Frameworks */ = {isa = PBXBuildFile; fileRef = 1BD83A9818A59F1C00EDBB6D /* UIKit.framework */; };
		1BD83AC118A59F1D00EDBB6D /* InfoPlist.strings in Resources */ = {isa = PBXBuildFile; fileRef = 1BD83ABF18A59F1D00EDBB6D /* InfoPlist.strings */; };
		1BD83AC318A59F1D00EDBB6D /* UW_InfoTests.m in Sources */ = {isa = PBXBuildFile; fileRef = 1BD83AC218A59F1D00EDBB6D /* UW_InfoTests.m */; };
		1BF0542318A93ECC005C04B2 /* DetailSwitchCell.m in Sources */ = {isa = PBXBuildFile; fileRef = 1BF0542218A93ECC005C04B2 /* DetailSwitchCell.m */; };
/* End PBXBuildFile section */

/* Begin PBXContainerItemProxy section */
		1BD83ABA18A59F1D00EDBB6D /* PBXContainerItemProxy */ = {
			isa = PBXContainerItemProxy;
			containerPortal = 1BD83A8918A59F1C00EDBB6D /* Project object */;
			proxyType = 1;
			remoteGlobalIDString = 1BD83A9018A59F1C00EDBB6D;
			remoteInfo = "UW Info";
		};
/* End PBXContainerItemProxy section */

/* Begin PBXFileReference section */
		1B19834718A618A60022A285 /* DetailViewController.h */ = {isa = PBXFileReference; fileEncoding = 4; lastKnownFileType = sourcecode.c.h; name = DetailViewController.h; path = ViewController/DetailViewController.h; sourceTree = "<group>"; };
		1B19834818A618A60022A285 /* DetailViewController.m */ = {isa = PBXFileReference; fileEncoding = 4; lastKnownFileType = sourcecode.c.objc; name = DetailViewController.m; path = ViewController/DetailViewController.m; sourceTree = "<group>"; };
		1B2076E918AAA65100FE7088 /* AlertViewController.h */ = {isa = PBXFileReference; fileEncoding = 4; lastKnownFileType = sourcecode.c.h; path = AlertViewController.h; sourceTree = "<group>"; };
		1B2076EA18AAA65100FE7088 /* AlertViewController.m */ = {isa = PBXFileReference; fileEncoding = 4; lastKnownFileType = sourcecode.c.objc; path = AlertViewController.m; sourceTree = "<group>"; };
		1B3744F818A5A842007CF08C /* InfoSessionsViewController.h */ = {isa = PBXFileReference; fileEncoding = 4; lastKnownFileType = sourcecode.c.h; name = InfoSessionsViewController.h; path = ViewController/InfoSessionsViewController.h; sourceTree = "<group>"; };
		1B3744F918A5A842007CF08C /* InfoSessionsViewController.m */ = {isa = PBXFileReference; fileEncoding = 4; lastKnownFileType = sourcecode.c.objc; name = InfoSessionsViewController.m; path = ViewController/InfoSessionsViewController.m; sourceTree = "<group>"; };
		1B3744FC18A5B163007CF08C /* AFHTTPRequestOperation.h */ = {isa = PBXFileReference; fileEncoding = 4; lastKnownFileType = sourcecode.c.h; path = AFHTTPRequestOperation.h; sourceTree = "<group>"; };
		1B3744FD18A5B163007CF08C /* AFHTTPRequestOperation.m */ = {isa = PBXFileReference; fileEncoding = 4; lastKnownFileType = sourcecode.c.objc; path = AFHTTPRequestOperation.m; sourceTree = "<group>"; };
		1B3744FE18A5B163007CF08C /* AFHTTPRequestOperationManager.h */ = {isa = PBXFileReference; fileEncoding = 4; lastKnownFileType = sourcecode.c.h; path = AFHTTPRequestOperationManager.h; sourceTree = "<group>"; };
		1B3744FF18A5B163007CF08C /* AFHTTPRequestOperationManager.m */ = {isa = PBXFileReference; fileEncoding = 4; lastKnownFileType = sourcecode.c.objc; path = AFHTTPRequestOperationManager.m; sourceTree = "<group>"; };
		1B37450018A5B163007CF08C /* AFHTTPSessionManager.h */ = {isa = PBXFileReference; fileEncoding = 4; lastKnownFileType = sourcecode.c.h; path = AFHTTPSessionManager.h; sourceTree = "<group>"; };
		1B37450118A5B163007CF08C /* AFHTTPSessionManager.m */ = {isa = PBXFileReference; fileEncoding = 4; lastKnownFileType = sourcecode.c.objc; path = AFHTTPSessionManager.m; sourceTree = "<group>"; };
		1B37450218A5B163007CF08C /* AFNetworking.h */ = {isa = PBXFileReference; fileEncoding = 4; lastKnownFileType = sourcecode.c.h; path = AFNetworking.h; sourceTree = "<group>"; };
		1B37450318A5B163007CF08C /* AFNetworkReachabilityManager.h */ = {isa = PBXFileReference; fileEncoding = 4; lastKnownFileType = sourcecode.c.h; path = AFNetworkReachabilityManager.h; sourceTree = "<group>"; };
		1B37450418A5B163007CF08C /* AFNetworkReachabilityManager.m */ = {isa = PBXFileReference; fileEncoding = 4; lastKnownFileType = sourcecode.c.objc; path = AFNetworkReachabilityManager.m; sourceTree = "<group>"; };
		1B37450518A5B163007CF08C /* AFSecurityPolicy.h */ = {isa = PBXFileReference; fileEncoding = 4; lastKnownFileType = sourcecode.c.h; path = AFSecurityPolicy.h; sourceTree = "<group>"; };
		1B37450618A5B163007CF08C /* AFSecurityPolicy.m */ = {isa = PBXFileReference; fileEncoding = 4; lastKnownFileType = sourcecode.c.objc; path = AFSecurityPolicy.m; sourceTree = "<group>"; };
		1B37450718A5B163007CF08C /* AFURLConnectionOperation.h */ = {isa = PBXFileReference; fileEncoding = 4; lastKnownFileType = sourcecode.c.h; path = AFURLConnectionOperation.h; sourceTree = "<group>"; };
		1B37450818A5B163007CF08C /* AFURLConnectionOperation.m */ = {isa = PBXFileReference; fileEncoding = 4; lastKnownFileType = sourcecode.c.objc; path = AFURLConnectionOperation.m; sourceTree = "<group>"; };
		1B37450918A5B163007CF08C /* AFURLRequestSerialization.h */ = {isa = PBXFileReference; fileEncoding = 4; lastKnownFileType = sourcecode.c.h; path = AFURLRequestSerialization.h; sourceTree = "<group>"; };
		1B37450A18A5B163007CF08C /* AFURLRequestSerialization.m */ = {isa = PBXFileReference; fileEncoding = 4; lastKnownFileType = sourcecode.c.objc; path = AFURLRequestSerialization.m; sourceTree = "<group>"; };
		1B37450B18A5B163007CF08C /* AFURLResponseSerialization.h */ = {isa = PBXFileReference; fileEncoding = 4; lastKnownFileType = sourcecode.c.h; path = AFURLResponseSerialization.h; sourceTree = "<group>"; };
		1B37450C18A5B163007CF08C /* AFURLResponseSerialization.m */ = {isa = PBXFileReference; fileEncoding = 4; lastKnownFileType = sourcecode.c.objc; path = AFURLResponseSerialization.m; sourceTree = "<group>"; };
		1B37450D18A5B163007CF08C /* AFURLSessionManager.h */ = {isa = PBXFileReference; fileEncoding = 4; lastKnownFileType = sourcecode.c.h; path = AFURLSessionManager.h; sourceTree = "<group>"; };
		1B37450E18A5B163007CF08C /* AFURLSessionManager.m */ = {isa = PBXFileReference; fileEncoding = 4; lastKnownFileType = sourcecode.c.objc; path = AFURLSessionManager.m; sourceTree = "<group>"; };
		1B37451918A5B169007CF08C /* AFNetworkActivityIndicatorManager.h */ = {isa = PBXFileReference; fileEncoding = 4; lastKnownFileType = sourcecode.c.h; path = AFNetworkActivityIndicatorManager.h; sourceTree = "<group>"; };
		1B37451A18A5B169007CF08C /* AFNetworkActivityIndicatorManager.m */ = {isa = PBXFileReference; fileEncoding = 4; lastKnownFileType = sourcecode.c.objc; path = AFNetworkActivityIndicatorManager.m; sourceTree = "<group>"; };
		1B37451B18A5B169007CF08C /* UIActivityIndicatorView+AFNetworking.h */ = {isa = PBXFileReference; fileEncoding = 4; lastKnownFileType = sourcecode.c.h; path = "UIActivityIndicatorView+AFNetworking.h"; sourceTree = "<group>"; };
		1B37451C18A5B169007CF08C /* UIActivityIndicatorView+AFNetworking.m */ = {isa = PBXFileReference; fileEncoding = 4; lastKnownFileType = sourcecode.c.objc; path = "UIActivityIndicatorView+AFNetworking.m"; sourceTree = "<group>"; };
		1B37451D18A5B169007CF08C /* UIAlertView+AFNetworking.h */ = {isa = PBXFileReference; fileEncoding = 4; lastKnownFileType = sourcecode.c.h; path = "UIAlertView+AFNetworking.h"; sourceTree = "<group>"; };
		1B37451E18A5B169007CF08C /* UIAlertView+AFNetworking.m */ = {isa = PBXFileReference; fileEncoding = 4; lastKnownFileType = sourcecode.c.objc; path = "UIAlertView+AFNetworking.m"; sourceTree = "<group>"; };
		1B37451F18A5B169007CF08C /* UIButton+AFNetworking.h */ = {isa = PBXFileReference; fileEncoding = 4; lastKnownFileType = sourcecode.c.h; path = "UIButton+AFNetworking.h"; sourceTree = "<group>"; };
		1B37452018A5B169007CF08C /* UIButton+AFNetworking.m */ = {isa = PBXFileReference; fileEncoding = 4; lastKnownFileType = sourcecode.c.objc; path = "UIButton+AFNetworking.m"; sourceTree = "<group>"; };
		1B37452118A5B169007CF08C /* UIImageView+AFNetworking.h */ = {isa = PBXFileReference; fileEncoding = 4; lastKnownFileType = sourcecode.c.h; path = "UIImageView+AFNetworking.h"; sourceTree = "<group>"; };
		1B37452218A5B169007CF08C /* UIImageView+AFNetworking.m */ = {isa = PBXFileReference; fileEncoding = 4; lastKnownFileType = sourcecode.c.objc; path = "UIImageView+AFNetworking.m"; sourceTree = "<group>"; };
		1B37452318A5B169007CF08C /* UIKit+AFNetworking.h */ = {isa = PBXFileReference; fileEncoding = 4; lastKnownFileType = sourcecode.c.h; path = "UIKit+AFNetworking.h"; sourceTree = "<group>"; };
		1B37452418A5B169007CF08C /* UIProgressView+AFNetworking.h */ = {isa = PBXFileReference; fileEncoding = 4; lastKnownFileType = sourcecode.c.h; path = "UIProgressView+AFNetworking.h"; sourceTree = "<group>"; };
		1B37452518A5B169007CF08C /* UIProgressView+AFNetworking.m */ = {isa = PBXFileReference; fileEncoding = 4; lastKnownFileType = sourcecode.c.objc; path = "UIProgressView+AFNetworking.m"; sourceTree = "<group>"; };
		1B37452618A5B169007CF08C /* UIWebView+AFNetworking.h */ = {isa = PBXFileReference; fileEncoding = 4; lastKnownFileType = sourcecode.c.h; path = "UIWebView+AFNetworking.h"; sourceTree = "<group>"; };
		1B37452718A5B169007CF08C /* UIWebView+AFNetworking.m */ = {isa = PBXFileReference; fileEncoding = 4; lastKnownFileType = sourcecode.c.objc; path = "UIWebView+AFNetworking.m"; sourceTree = "<group>"; };
		1B37453518A5BA28007CF08C /* InfoSession.h */ = {isa = PBXFileReference; fileEncoding = 4; lastKnownFileType = sourcecode.c.h; name = InfoSession.h; path = Model/InfoSession.h; sourceTree = "<group>"; };
		1B37453618A5BA28007CF08C /* InfoSession.m */ = {isa = PBXFileReference; fileEncoding = 4; lastKnownFileType = sourcecode.c.objc; name = InfoSession.m; path = Model/InfoSession.m; sourceTree = "<group>"; };
		1B37453A18A5D0CE007CF08C /* AFUwaterlooApiClient.h */ = {isa = PBXFileReference; fileEncoding = 4; lastKnownFileType = sourcecode.c.h; path = AFUwaterlooApiClient.h; sourceTree = "<group>"; };
		1B37453B18A5D0CE007CF08C /* AFUwaterlooApiClient.m */ = {isa = PBXFileReference; fileEncoding = 4; lastKnownFileType = sourcecode.c.objc; path = AFUwaterlooApiClient.m; sourceTree = "<group>"; };
		1B6F54C518AC218600D3DD47 /* EventKit.framework */ = {isa = PBXFileReference; lastKnownFileType = wrapper.framework; name = EventKit.framework; path = System/Library/Frameworks/EventKit.framework; sourceTree = SDKROOT; };
		1B6F54C718AC219000D3DD47 /* EventKitUI.framework */ = {isa = PBXFileReference; lastKnownFileType = wrapper.framework; name = EventKitUI.framework; path = System/Library/Frameworks/EventKitUI.framework; sourceTree = SDKROOT; };
		1B717E5D18A7F7DC00E20A29 /* DetailLinkCell.h */ = {isa = PBXFileReference; fileEncoding = 4; lastKnownFileType = sourcecode.c.h; name = DetailLinkCell.h; path = TableViewCell/DetailLinkCell.h; sourceTree = "<group>"; };
		1B717E5E18A7F7DC00E20A29 /* DetailLinkCell.m */ = {isa = PBXFileReference; fileEncoding = 4; lastKnownFileType = sourcecode.c.objc; name = DetailLinkCell.m; path = TableViewCell/DetailLinkCell.m; sourceTree = "<group>"; };
		1B717E6318A809F900E20A29 /* DetailRSVPCell.h */ = {isa = PBXFileReference; fileEncoding = 4; lastKnownFileType = sourcecode.c.h; name = DetailRSVPCell.h; path = TableViewCell/DetailRSVPCell.h; sourceTree = "<group>"; };
		1B717E6418A809F900E20A29 /* DetailRSVPCell.m */ = {isa = PBXFileReference; fileEncoding = 4; lastKnownFileType = sourcecode.c.objc; name = DetailRSVPCell.m; path = TableViewCell/DetailRSVPCell.m; sourceTree = "<group>"; };
		1B717E6918A80A7A00E20A29 /* InfoSessionCell.h */ = {isa = PBXFileReference; fileEncoding = 4; lastKnownFileType = sourcecode.c.h; name = InfoSessionCell.h; path = TableViewCell/InfoSessionCell.h; sourceTree = "<group>"; };
		1B717E6A18A80A7A00E20A29 /* InfoSessionCell.m */ = {isa = PBXFileReference; fileEncoding = 4; lastKnownFileType = sourcecode.c.objc; name = InfoSessionCell.m; path = TableViewCell/InfoSessionCell.m; sourceTree = "<group>"; };
		1B717E6B18A80A7A00E20A29 /* LoadingCell.h */ = {isa = PBXFileReference; fileEncoding = 4; lastKnownFileType = sourcecode.c.h; name = LoadingCell.h; path = TableViewCell/LoadingCell.h; sourceTree = "<group>"; };
		1B717E6C18A80A7A00E20A29 /* LoadingCell.m */ = {isa = PBXFileReference; fileEncoding = 4; lastKnownFileType = sourcecode.c.objc; name = LoadingCell.m; path = TableViewCell/LoadingCell.m; sourceTree = "<group>"; };
		1B717E6F18A80B8200E20A29 /* DetailDescriptionCell.h */ = {isa = PBXFileReference; fileEncoding = 4; lastKnownFileType = sourcecode.c.h; name = DetailDescriptionCell.h; path = TableViewCell/DetailDescriptionCell.h; sourceTree = "<group>"; };
		1B717E7018A80B8200E20A29 /* DetailDescriptionCell.m */ = {isa = PBXFileReference; fileEncoding = 4; lastKnownFileType = sourcecode.c.objc; name = DetailDescriptionCell.m; path = TableViewCell/DetailDescriptionCell.m; sourceTree = "<group>"; };
		1B717E7418A8294600E20A29 /* DetailNormalCell.h */ = {isa = PBXFileReference; fileEncoding = 4; lastKnownFileType = sourcecode.c.h; name = DetailNormalCell.h; path = TableViewCell/DetailNormalCell.h; sourceTree = "<group>"; };
		1B717E7518A8294600E20A29 /* DetailNormalCell.m */ = {isa = PBXFileReference; fileEncoding = 4; lastKnownFileType = sourcecode.c.objc; name = DetailNormalCell.m; path = TableViewCell/DetailNormalCell.m; sourceTree = "<group>"; };
		1BAD97E418A98F65006F4546 /* InfoSessionModel.h */ = {isa = PBXFileReference; fileEncoding = 4; lastKnownFileType = sourcecode.c.h; name = InfoSessionModel.h; path = Model/InfoSessionModel.h; sourceTree = "<group>"; };
		1BAD97E518A98F65006F4546 /* InfoSessionModel.m */ = {isa = PBXFileReference; fileEncoding = 4; lastKnownFileType = sourcecode.c.objc; name = InfoSessionModel.m; path = Model/InfoSessionModel.m; sourceTree = "<group>"; };
		1BAD97E718A9CAE2006F4546 /* UWTabBarController.h */ = {isa = PBXFileReference; fileEncoding = 4; lastKnownFileType = sourcecode.c.h; name = UWTabBarController.h; path = ViewController/UWTabBarController.h; sourceTree = "<group>"; };
		1BAD97E818A9CAE2006F4546 /* UWTabBarController.m */ = {isa = PBXFileReference; fileEncoding = 4; lastKnownFileType = sourcecode.c.objc; name = UWTabBarController.m; path = ViewController/UWTabBarController.m; sourceTree = "<group>"; };
		1BAD97ED18A9DEF6006F4546 /* MyInfoViewController.h */ = {isa = PBXFileReference; fileEncoding = 4; lastKnownFileType = sourcecode.c.h; name = MyInfoViewController.h; path = ViewController/MyInfoViewController.h; sourceTree = "<group>"; };
		1BAD97EE18A9DEF6006F4546 /* MyInfoViewController.m */ = {isa = PBXFileReference; fileEncoding = 4; lastKnownFileType = sourcecode.c.objc; name = MyInfoViewController.m; path = ViewController/MyInfoViewController.m; sourceTree = "<group>"; };
		1BAD97F018A9DF30006F4546 /* SearchViewController.h */ = {isa = PBXFileReference; fileEncoding = 4; lastKnownFileType = sourcecode.c.h; name = SearchViewController.h; path = ViewController/SearchViewController.h; sourceTree = "<group>"; };
		1BAD97F118A9DF30006F4546 /* SearchViewController.m */ = {isa = PBXFileReference; fileEncoding = 4; lastKnownFileType = sourcecode.c.objc; name = SearchViewController.m; path = ViewController/SearchViewController.m; sourceTree = "<group>"; };
		1BD83A9118A59F1C00EDBB6D /* UW Info.app */ = {isa = PBXFileReference; explicitFileType = wrapper.application; includeInIndex = 0; path = "UW Info.app"; sourceTree = BUILT_PRODUCTS_DIR; };
		1BD83A9418A59F1C00EDBB6D /* Foundation.framework */ = {isa = PBXFileReference; lastKnownFileType = wrapper.framework; name = Foundation.framework; path = System/Library/Frameworks/Foundation.framework; sourceTree = SDKROOT; };
		1BD83A9618A59F1C00EDBB6D /* CoreGraphics.framework */ = {isa = PBXFileReference; lastKnownFileType = wrapper.framework; name = CoreGraphics.framework; path = System/Library/Frameworks/CoreGraphics.framework; sourceTree = SDKROOT; };
		1BD83A9818A59F1C00EDBB6D /* UIKit.framework */ = {isa = PBXFileReference; lastKnownFileType = wrapper.framework; name = UIKit.framework; path = System/Library/Frameworks/UIKit.framework; sourceTree = SDKROOT; };
		1BD83A9C18A59F1C00EDBB6D /* UW Info-Info.plist */ = {isa = PBXFileReference; lastKnownFileType = text.plist.xml; path = "UW Info-Info.plist"; sourceTree = "<group>"; };
		1BD83A9E18A59F1C00EDBB6D /* en */ = {isa = PBXFileReference; lastKnownFileType = text.plist.strings; name = en; path = en.lproj/InfoPlist.strings; sourceTree = "<group>"; };
		1BD83AA018A59F1C00EDBB6D /* main.m */ = {isa = PBXFileReference; lastKnownFileType = sourcecode.c.objc; path = main.m; sourceTree = "<group>"; };
		1BD83AA218A59F1C00EDBB6D /* UW Info-Prefix.pch */ = {isa = PBXFileReference; lastKnownFileType = sourcecode.c.h; path = "UW Info-Prefix.pch"; sourceTree = "<group>"; };
		1BD83AA318A59F1C00EDBB6D /* UWAppDelegate.h */ = {isa = PBXFileReference; lastKnownFileType = sourcecode.c.h; path = UWAppDelegate.h; sourceTree = "<group>"; };
		1BD83AA418A59F1C00EDBB6D /* UWAppDelegate.m */ = {isa = PBXFileReference; lastKnownFileType = sourcecode.c.objc; path = UWAppDelegate.m; sourceTree = "<group>"; };
		1BD83AA718A59F1C00EDBB6D /* Base */ = {isa = PBXFileReference; lastKnownFileType = file.storyboard; name = Base; path = Base.lproj/Main.storyboard; sourceTree = "<group>"; };
		1BD83AAF18A59F1C00EDBB6D /* Images.xcassets */ = {isa = PBXFileReference; lastKnownFileType = folder.assetcatalog; path = Images.xcassets; sourceTree = "<group>"; };
		1BD83AB518A59F1D00EDBB6D /* UW InfoTests.xctest */ = {isa = PBXFileReference; explicitFileType = wrapper.cfbundle; includeInIndex = 0; path = "UW InfoTests.xctest"; sourceTree = BUILT_PRODUCTS_DIR; };
		1BD83AB618A59F1D00EDBB6D /* XCTest.framework */ = {isa = PBXFileReference; lastKnownFileType = wrapper.framework; name = XCTest.framework; path = Library/Frameworks/XCTest.framework; sourceTree = DEVELOPER_DIR; };
		1BD83ABE18A59F1D00EDBB6D /* UW InfoTests-Info.plist */ = {isa = PBXFileReference; lastKnownFileType = text.plist.xml; path = "UW InfoTests-Info.plist"; sourceTree = "<group>"; };
		1BD83AC018A59F1D00EDBB6D /* en */ = {isa = PBXFileReference; lastKnownFileType = text.plist.strings; name = en; path = en.lproj/InfoPlist.strings; sourceTree = "<group>"; };
		1BD83AC218A59F1D00EDBB6D /* UW_InfoTests.m */ = {isa = PBXFileReference; lastKnownFileType = sourcecode.c.objc; path = UW_InfoTests.m; sourceTree = "<group>"; };
		1BF0542118A93ECC005C04B2 /* DetailSwitchCell.h */ = {isa = PBXFileReference; fileEncoding = 4; lastKnownFileType = sourcecode.c.h; name = DetailSwitchCell.h; path = TableViewCell/DetailSwitchCell.h; sourceTree = "<group>"; };
		1BF0542218A93ECC005C04B2 /* DetailSwitchCell.m */ = {isa = PBXFileReference; fileEncoding = 4; lastKnownFileType = sourcecode.c.objc; name = DetailSwitchCell.m; path = TableViewCell/DetailSwitchCell.m; sourceTree = "<group>"; };
/* End PBXFileReference section */

/* Begin PBXFrameworksBuildPhase section */
		1BD83A8E18A59F1C00EDBB6D /* Frameworks */ = {
			isa = PBXFrameworksBuildPhase;
			buildActionMask = 2147483647;
			files = (
				1B6F54C818AC219000D3DD47 /* EventKitUI.framework in Frameworks */,
				1B6F54C618AC218600D3DD47 /* EventKit.framework in Frameworks */,
				1BD83A9718A59F1C00EDBB6D /* CoreGraphics.framework in Frameworks */,
				1BD83A9918A59F1C00EDBB6D /* UIKit.framework in Frameworks */,
				1BD83A9518A59F1C00EDBB6D /* Foundation.framework in Frameworks */,
			);
			runOnlyForDeploymentPostprocessing = 0;
		};
		1BD83AB218A59F1D00EDBB6D /* Frameworks */ = {
			isa = PBXFrameworksBuildPhase;
			buildActionMask = 2147483647;
			files = (
				1BD83AB718A59F1D00EDBB6D /* XCTest.framework in Frameworks */,
				1BD83AB918A59F1D00EDBB6D /* UIKit.framework in Frameworks */,
				1BD83AB818A59F1D00EDBB6D /* Foundation.framework in Frameworks */,
			);
			runOnlyForDeploymentPostprocessing = 0;
		};
/* End PBXFrameworksBuildPhase section */

/* Begin PBXGroup section */
		1B2076E718AAA56E00FE7088 /* MyInfoViewController */ = {
			isa = PBXGroup;
			children = (
				1BAD97ED18A9DEF6006F4546 /* MyInfoViewController.h */,
				1BAD97EE18A9DEF6006F4546 /* MyInfoViewController.m */,
			);
			name = MyInfoViewController;
			sourceTree = "<group>";
		};
		1B2076E818AAA58500FE7088 /* SearchViewController */ = {
			isa = PBXGroup;
			children = (
				1BAD97F018A9DF30006F4546 /* SearchViewController.h */,
				1BAD97F118A9DF30006F4546 /* SearchViewController.m */,
			);
			name = SearchViewController;
			sourceTree = "<group>";
		};
		1B2076EC18AAA67000FE7088 /* AlertViewController */ = {
			isa = PBXGroup;
			children = (
				1B2076E918AAA65100FE7088 /* AlertViewController.h */,
				1B2076EA18AAA65100FE7088 /* AlertViewController.m */,
			);
			name = AlertViewController;
			sourceTree = "<group>";
		};
		1B3744FB18A5B163007CF08C /* AFNetworking */ = {
			isa = PBXGroup;
			children = (
				1B37450218A5B163007CF08C /* AFNetworking.h */,
				1B37453318A5B21E007CF08C /* NSURLConnection */,
				1B37453218A5B1D2007CF08C /* NSURLSession */,
				1B37453118A5B1B9007CF08C /* Serialization */,
				1B37453018A5B1A7007CF08C /* Reachability */,
				1B37452F18A5B192007CF08C /* Security */,
			);
			path = AFNetworking;
			sourceTree = "<group>";
		};
		1B37451818A5B169007CF08C /* UIKit+AFNetworking */ = {
			isa = PBXGroup;
			children = (
				1B37451918A5B169007CF08C /* AFNetworkActivityIndicatorManager.h */,
				1B37451A18A5B169007CF08C /* AFNetworkActivityIndicatorManager.m */,
				1B37451B18A5B169007CF08C /* UIActivityIndicatorView+AFNetworking.h */,
				1B37451C18A5B169007CF08C /* UIActivityIndicatorView+AFNetworking.m */,
				1B37451D18A5B169007CF08C /* UIAlertView+AFNetworking.h */,
				1B37451E18A5B169007CF08C /* UIAlertView+AFNetworking.m */,
				1B37451F18A5B169007CF08C /* UIButton+AFNetworking.h */,
				1B37452018A5B169007CF08C /* UIButton+AFNetworking.m */,
				1B37452118A5B169007CF08C /* UIImageView+AFNetworking.h */,
				1B37452218A5B169007CF08C /* UIImageView+AFNetworking.m */,
				1B37452318A5B169007CF08C /* UIKit+AFNetworking.h */,
				1B37452418A5B169007CF08C /* UIProgressView+AFNetworking.h */,
				1B37452518A5B169007CF08C /* UIProgressView+AFNetworking.m */,
				1B37452618A5B169007CF08C /* UIWebView+AFNetworking.h */,
				1B37452718A5B169007CF08C /* UIWebView+AFNetworking.m */,
			);
			path = "UIKit+AFNetworking";
			sourceTree = "<group>";
		};
		1B37452F18A5B192007CF08C /* Security */ = {
			isa = PBXGroup;
			children = (
				1B37450518A5B163007CF08C /* AFSecurityPolicy.h */,
				1B37450618A5B163007CF08C /* AFSecurityPolicy.m */,
			);
			name = Security;
			sourceTree = "<group>";
		};
		1B37453018A5B1A7007CF08C /* Reachability */ = {
			isa = PBXGroup;
			children = (
				1B37450318A5B163007CF08C /* AFNetworkReachabilityManager.h */,
				1B37450418A5B163007CF08C /* AFNetworkReachabilityManager.m */,
			);
			name = Reachability;
			sourceTree = "<group>";
		};
		1B37453118A5B1B9007CF08C /* Serialization */ = {
			isa = PBXGroup;
			children = (
				1B37450918A5B163007CF08C /* AFURLRequestSerialization.h */,
				1B37450A18A5B163007CF08C /* AFURLRequestSerialization.m */,
				1B37450B18A5B163007CF08C /* AFURLResponseSerialization.h */,
				1B37450C18A5B163007CF08C /* AFURLResponseSerialization.m */,
			);
			name = Serialization;
			sourceTree = "<group>";
		};
		1B37453218A5B1D2007CF08C /* NSURLSession */ = {
			isa = PBXGroup;
			children = (
				1B37450018A5B163007CF08C /* AFHTTPSessionManager.h */,
				1B37450118A5B163007CF08C /* AFHTTPSessionManager.m */,
				1B37450D18A5B163007CF08C /* AFURLSessionManager.h */,
				1B37450E18A5B163007CF08C /* AFURLSessionManager.m */,
			);
			name = NSURLSession;
			sourceTree = "<group>";
		};
		1B37453318A5B21E007CF08C /* NSURLConnection */ = {
			isa = PBXGroup;
			children = (
				1B37450718A5B163007CF08C /* AFURLConnectionOperation.h */,
				1B37450818A5B163007CF08C /* AFURLConnectionOperation.m */,
				1B3744FC18A5B163007CF08C /* AFHTTPRequestOperation.h */,
				1B3744FD18A5B163007CF08C /* AFHTTPRequestOperation.m */,
				1B3744FE18A5B163007CF08C /* AFHTTPRequestOperationManager.h */,
				1B3744FF18A5B163007CF08C /* AFHTTPRequestOperationManager.m */,
			);
			name = NSURLConnection;
			sourceTree = "<group>";
		};
		1B37453418A5B281007CF08C /* Vendor */ = {
			isa = PBXGroup;
			children = (
				1B3744FB18A5B163007CF08C /* AFNetworking */,
				1B37451818A5B169007CF08C /* UIKit+AFNetworking */,
			);
			name = Vendor;
			sourceTree = "<group>";
		};
		1B37453818A5BA2C007CF08C /* Models */ = {
			isa = PBXGroup;
			children = (
				1B37453518A5BA28007CF08C /* InfoSession.h */,
				1B37453618A5BA28007CF08C /* InfoSession.m */,
				1BAD97E418A98F65006F4546 /* InfoSessionModel.h */,
				1BAD97E518A98F65006F4546 /* InfoSessionModel.m */,
			);
			name = Models;
			sourceTree = "<group>";
		};
		1B37453918A5BA3D007CF08C /* Controllers */ = {
			isa = PBXGroup;
			children = (
				1BAD97E718A9CAE2006F4546 /* UWTabBarController.h */,
				1BAD97E818A9CAE2006F4546 /* UWTabBarController.m */,
				1B717E7218A8140E00E20A29 /* InfoSessionsViewController */,
				1B717E7318A8142A00E20A29 /* DetailViewController */,
				1B2076EC18AAA67000FE7088 /* AlertViewController */,
				1B2076E718AAA56E00FE7088 /* MyInfoViewController */,
				1B2076E818AAA58500FE7088 /* SearchViewController */,
			);
			name = Controllers;
			sourceTree = "<group>";
		};
		1B37453D18A5D0D6007CF08C /* Networking Extensions */ = {
			isa = PBXGroup;
			children = (
				1B37453A18A5D0CE007CF08C /* AFUwaterlooApiClient.h */,
				1B37453B18A5D0CE007CF08C /* AFUwaterlooApiClient.m */,
			);
			name = "Networking Extensions";
			path = ..;
			sourceTree = "<group>";
		};
		1B717E7218A8140E00E20A29 /* InfoSessionsViewController */ = {
			isa = PBXGroup;
			children = (
				1B3744F818A5A842007CF08C /* InfoSessionsViewController.h */,
				1B3744F918A5A842007CF08C /* InfoSessionsViewController.m */,
				1B717E6918A80A7A00E20A29 /* InfoSessionCell.h */,
				1B717E6A18A80A7A00E20A29 /* InfoSessionCell.m */,
				1B717E6B18A80A7A00E20A29 /* LoadingCell.h */,
				1B717E6C18A80A7A00E20A29 /* LoadingCell.m */,
			);
			name = InfoSessionsViewController;
			sourceTree = "<group>";
		};
		1B717E7318A8142A00E20A29 /* DetailViewController */ = {
			isa = PBXGroup;
			children = (
				1B19834718A618A60022A285 /* DetailViewController.h */,
				1B19834818A618A60022A285 /* DetailViewController.m */,
				1B717E7418A8294600E20A29 /* DetailNormalCell.h */,
				1B717E7518A8294600E20A29 /* DetailNormalCell.m */,
				1B717E5D18A7F7DC00E20A29 /* DetailLinkCell.h */,
				1B717E5E18A7F7DC00E20A29 /* DetailLinkCell.m */,
				1B717E6318A809F900E20A29 /* DetailRSVPCell.h */,
				1B717E6418A809F900E20A29 /* DetailRSVPCell.m */,
				1B717E6F18A80B8200E20A29 /* DetailDescriptionCell.h */,
				1B717E7018A80B8200E20A29 /* DetailDescriptionCell.m */,
				1BF0542118A93ECC005C04B2 /* DetailSwitchCell.h */,
				1BF0542218A93ECC005C04B2 /* DetailSwitchCell.m */,
			);
			name = DetailViewController;
			sourceTree = "<group>";
		};
		1BD83A8818A59F1C00EDBB6D = {
			isa = PBXGroup;
			children = (
				1B37453418A5B281007CF08C /* Vendor */,
				1BD83A9A18A59F1C00EDBB6D /* UW Info */,
				1BD83ABC18A59F1D00EDBB6D /* UW InfoTests */,
				1BD83A9318A59F1C00EDBB6D /* Frameworks */,
				1BD83A9218A59F1C00EDBB6D /* Products */,
			);
			sourceTree = "<group>";
		};
		1BD83A9218A59F1C00EDBB6D /* Products */ = {
			isa = PBXGroup;
			children = (
				1BD83A9118A59F1C00EDBB6D /* UW Info.app */,
				1BD83AB518A59F1D00EDBB6D /* UW InfoTests.xctest */,
			);
			name = Products;
			sourceTree = "<group>";
		};
		1BD83A9318A59F1C00EDBB6D /* Frameworks */ = {
			isa = PBXGroup;
			children = (
				1B6F54C718AC219000D3DD47 /* EventKitUI.framework */,
				1B6F54C518AC218600D3DD47 /* EventKit.framework */,
				1BD83A9418A59F1C00EDBB6D /* Foundation.framework */,
				1BD83A9618A59F1C00EDBB6D /* CoreGraphics.framework */,
				1BD83A9818A59F1C00EDBB6D /* UIKit.framework */,
				1BD83AB618A59F1D00EDBB6D /* XCTest.framework */,
			);
			name = Frameworks;
			sourceTree = "<group>";
		};
		1BD83A9A18A59F1C00EDBB6D /* UW Info */ = {
			isa = PBXGroup;
			children = (
				1BD83AA318A59F1C00EDBB6D /* UWAppDelegate.h */,
				1BD83AA418A59F1C00EDBB6D /* UWAppDelegate.m */,
				1BD83AA618A59F1C00EDBB6D /* Main.storyboard */,
				1B37453D18A5D0D6007CF08C /* Networking Extensions */,
				1B37453818A5BA2C007CF08C /* Models */,
				1B37453918A5BA3D007CF08C /* Controllers */,
				1BD83AAF18A59F1C00EDBB6D /* Images.xcassets */,
				1BD83A9B18A59F1C00EDBB6D /* Supporting Files */,
			);
			path = "UW Info";
			sourceTree = "<group>";
		};
		1BD83A9B18A59F1C00EDBB6D /* Supporting Files */ = {
			isa = PBXGroup;
			children = (
				1BD83A9C18A59F1C00EDBB6D /* UW Info-Info.plist */,
				1BD83A9D18A59F1C00EDBB6D /* InfoPlist.strings */,
				1BD83AA018A59F1C00EDBB6D /* main.m */,
				1BD83AA218A59F1C00EDBB6D /* UW Info-Prefix.pch */,
			);
			name = "Supporting Files";
			sourceTree = "<group>";
		};
		1BD83ABC18A59F1D00EDBB6D /* UW InfoTests */ = {
			isa = PBXGroup;
			children = (
				1BD83AC218A59F1D00EDBB6D /* UW_InfoTests.m */,
				1BD83ABD18A59F1D00EDBB6D /* Supporting Files */,
			);
			path = "UW InfoTests";
			sourceTree = "<group>";
		};
		1BD83ABD18A59F1D00EDBB6D /* Supporting Files */ = {
			isa = PBXGroup;
			children = (
				1BD83ABE18A59F1D00EDBB6D /* UW InfoTests-Info.plist */,
				1BD83ABF18A59F1D00EDBB6D /* InfoPlist.strings */,
			);
			name = "Supporting Files";
			sourceTree = "<group>";
		};
/* End PBXGroup section */

/* Begin PBXNativeTarget section */
		1BD83A9018A59F1C00EDBB6D /* UW Info */ = {
			isa = PBXNativeTarget;
			buildConfigurationList = 1BD83AC618A59F1D00EDBB6D /* Build configuration list for PBXNativeTarget "UW Info" */;
			buildPhases = (
				1BD83A8D18A59F1C00EDBB6D /* Sources */,
				1BD83A8E18A59F1C00EDBB6D /* Frameworks */,
				1BD83A8F18A59F1C00EDBB6D /* Resources */,
			);
			buildRules = (
			);
			dependencies = (
			);
			name = "UW Info";
			productName = "UW Info";
			productReference = 1BD83A9118A59F1C00EDBB6D /* UW Info.app */;
			productType = "com.apple.product-type.application";
		};
		1BD83AB418A59F1D00EDBB6D /* UW InfoTests */ = {
			isa = PBXNativeTarget;
			buildConfigurationList = 1BD83AC918A59F1D00EDBB6D /* Build configuration list for PBXNativeTarget "UW InfoTests" */;
			buildPhases = (
				1BD83AB118A59F1D00EDBB6D /* Sources */,
				1BD83AB218A59F1D00EDBB6D /* Frameworks */,
				1BD83AB318A59F1D00EDBB6D /* Resources */,
			);
			buildRules = (
			);
			dependencies = (
				1BD83ABB18A59F1D00EDBB6D /* PBXTargetDependency */,
			);
			name = "UW InfoTests";
			productName = "UW InfoTests";
			productReference = 1BD83AB518A59F1D00EDBB6D /* UW InfoTests.xctest */;
			productType = "com.apple.product-type.bundle.unit-test";
		};
/* End PBXNativeTarget section */

/* Begin PBXProject section */
		1BD83A8918A59F1C00EDBB6D /* Project object */ = {
			isa = PBXProject;
			attributes = {
				CLASSPREFIX = UW;
				LastUpgradeCheck = 0500;
				ORGANIZATIONNAME = "org-honghao";
				TargetAttributes = {
					1BD83AB418A59F1D00EDBB6D = {
						TestTargetID = 1BD83A9018A59F1C00EDBB6D;
					};
				};
			};
			buildConfigurationList = 1BD83A8C18A59F1C00EDBB6D /* Build configuration list for PBXProject "UW Info" */;
			compatibilityVersion = "Xcode 3.2";
			developmentRegion = English;
			hasScannedForEncodings = 0;
			knownRegions = (
				en,
				Base,
			);
			mainGroup = 1BD83A8818A59F1C00EDBB6D;
			productRefGroup = 1BD83A9218A59F1C00EDBB6D /* Products */;
			projectDirPath = "";
			projectRoot = "";
			targets = (
				1BD83A9018A59F1C00EDBB6D /* UW Info */,
				1BD83AB418A59F1D00EDBB6D /* UW InfoTests */,
			);
		};
/* End PBXProject section */

/* Begin PBXResourcesBuildPhase section */
		1BD83A8F18A59F1C00EDBB6D /* Resources */ = {
			isa = PBXResourcesBuildPhase;
			buildActionMask = 2147483647;
			files = (
				1BD83AB018A59F1C00EDBB6D /* Images.xcassets in Resources */,
				1BD83A9F18A59F1C00EDBB6D /* InfoPlist.strings in Resources */,
				1BD83AA818A59F1C00EDBB6D /* Main.storyboard in Resources */,
			);
			runOnlyForDeploymentPostprocessing = 0;
		};
		1BD83AB318A59F1D00EDBB6D /* Resources */ = {
			isa = PBXResourcesBuildPhase;
			buildActionMask = 2147483647;
			files = (
				1BD83AC118A59F1D00EDBB6D /* InfoPlist.strings in Resources */,
			);
			runOnlyForDeploymentPostprocessing = 0;
		};
/* End PBXResourcesBuildPhase section */

/* Begin PBXSourcesBuildPhase section */
		1BD83A8D18A59F1C00EDBB6D /* Sources */ = {
			isa = PBXSourcesBuildPhase;
			buildActionMask = 2147483647;
			files = (
				1B37452D18A5B169007CF08C /* UIProgressView+AFNetworking.m in Sources */,
				1B37452B18A5B169007CF08C /* UIButton+AFNetworking.m in Sources */,
				1B37452A18A5B169007CF08C /* UIAlertView+AFNetworking.m in Sources */,
				1BD83AA518A59F1C00EDBB6D /* UWAppDelegate.m in Sources */,
				1BAD97E618A98F65006F4546 /* InfoSessionModel.m in Sources */,
				1B37451318A5B163007CF08C /* AFSecurityPolicy.m in Sources */,
				1B3744FA18A5A842007CF08C /* InfoSessionsViewController.m in Sources */,
				1BAD97EF18A9DEF6006F4546 /* MyInfoViewController.m in Sources */,
				1BF0542318A93ECC005C04B2 /* DetailSwitchCell.m in Sources */,
				1B37451018A5B163007CF08C /* AFHTTPRequestOperationManager.m in Sources */,
				1B37453718A5BA28007CF08C /* InfoSession.m in Sources */,
				1B37451418A5B163007CF08C /* AFURLConnectionOperation.m in Sources */,
				1BAD97E918A9CAE2006F4546 /* UWTabBarController.m in Sources */,
				1B717E7618A8294600E20A29 /* DetailNormalCell.m in Sources */,
				1B37452C18A5B169007CF08C /* UIImageView+AFNetworking.m in Sources */,
				1B717E6E18A80A7A00E20A29 /* LoadingCell.m in Sources */,
				1B37450F18A5B163007CF08C /* AFHTTPRequestOperation.m in Sources */,
				1B37453C18A5D0CE007CF08C /* AFUwaterlooApiClient.m in Sources */,
				1B19834918A618A60022A285 /* DetailViewController.m in Sources */,
				1B717E7118A80B8200E20A29 /* DetailDescriptionCell.m in Sources */,
				1B37452918A5B169007CF08C /* UIActivityIndicatorView+AFNetworking.m in Sources */,
				1B2076EB18AAA65100FE7088 /* AlertViewController.m in Sources */,
				1BAD97F218A9DF30006F4546 /* SearchViewController.m in Sources */,
				1B717E5F18A7F7DC00E20A29 /* DetailLinkCell.m in Sources */,
				1B717E6518A809F900E20A29 /* DetailRSVPCell.m in Sources */,
				1B717E6D18A80A7A00E20A29 /* InfoSessionCell.m in Sources */,
				1B37452E18A5B169007CF08C /* UIWebView+AFNetworking.m in Sources */,
				1B37451518A5B163007CF08C /* AFURLRequestSerialization.m in Sources */,
				1B37451118A5B163007CF08C /* AFHTTPSessionManager.m in Sources */,
				1B37451218A5B163007CF08C /* AFNetworkReachabilityManager.m in Sources */,
				1B37451618A5B163007CF08C /* AFURLResponseSerialization.m in Sources */,
				1B37451718A5B163007CF08C /* AFURLSessionManager.m in Sources */,
				1B37452818A5B169007CF08C /* AFNetworkActivityIndicatorManager.m in Sources */,
				1BD83AA118A59F1C00EDBB6D /* main.m in Sources */,
			);
			runOnlyForDeploymentPostprocessing = 0;
		};
		1BD83AB118A59F1D00EDBB6D /* Sources */ = {
			isa = PBXSourcesBuildPhase;
			buildActionMask = 2147483647;
			files = (
				1BD83AC318A59F1D00EDBB6D /* UW_InfoTests.m in Sources */,
			);
			runOnlyForDeploymentPostprocessing = 0;
		};
/* End PBXSourcesBuildPhase section */

/* Begin PBXTargetDependency section */
		1BD83ABB18A59F1D00EDBB6D /* PBXTargetDependency */ = {
			isa = PBXTargetDependency;
			target = 1BD83A9018A59F1C00EDBB6D /* UW Info */;
			targetProxy = 1BD83ABA18A59F1D00EDBB6D /* PBXContainerItemProxy */;
		};
/* End PBXTargetDependency section */

/* Begin PBXVariantGroup section */
		1BD83A9D18A59F1C00EDBB6D /* InfoPlist.strings */ = {
			isa = PBXVariantGroup;
			children = (
				1BD83A9E18A59F1C00EDBB6D /* en */,
			);
			name = InfoPlist.strings;
			sourceTree = "<group>";
		};
		1BD83AA618A59F1C00EDBB6D /* Main.storyboard */ = {
			isa = PBXVariantGroup;
			children = (
				1BD83AA718A59F1C00EDBB6D /* Base */,
			);
			name = Main.storyboard;
			sourceTree = "<group>";
		};
		1BD83ABF18A59F1D00EDBB6D /* InfoPlist.strings */ = {
			isa = PBXVariantGroup;
			children = (
				1BD83AC018A59F1D00EDBB6D /* en */,
			);
			name = InfoPlist.strings;
			sourceTree = "<group>";
		};
/* End PBXVariantGroup section */

/* Begin XCBuildConfiguration section */
		1BD83AC418A59F1D00EDBB6D /* Debug */ = {
			isa = XCBuildConfiguration;
			buildSettings = {
				ALWAYS_SEARCH_USER_PATHS = NO;
				ARCHS = "$(ARCHS_STANDARD_INCLUDING_64_BIT)";
				CLANG_CXX_LANGUAGE_STANDARD = "gnu++0x";
				CLANG_CXX_LIBRARY = "libc++";
				CLANG_ENABLE_MODULES = YES;
				CLANG_ENABLE_OBJC_ARC = YES;
				CLANG_WARN_BOOL_CONVERSION = YES;
				CLANG_WARN_CONSTANT_CONVERSION = YES;
				CLANG_WARN_DIRECT_OBJC_ISA_USAGE = YES_ERROR;
				CLANG_WARN_EMPTY_BODY = YES;
				CLANG_WARN_ENUM_CONVERSION = YES;
				CLANG_WARN_INT_CONVERSION = YES;
				CLANG_WARN_OBJC_ROOT_CLASS = YES_ERROR;
				CLANG_WARN__DUPLICATE_METHOD_MATCH = YES;
				"CODE_SIGN_IDENTITY[sdk=iphoneos*]" = "iPhone Developer";
				COPY_PHASE_STRIP = NO;
				GCC_C_LANGUAGE_STANDARD = gnu99;
				GCC_DYNAMIC_NO_PIC = NO;
				GCC_OPTIMIZATION_LEVEL = 0;
				GCC_PREPROCESSOR_DEFINITIONS = (
					"DEBUG=1",
					"$(inherited)",
				);
				GCC_SYMBOLS_PRIVATE_EXTERN = NO;
				GCC_WARN_64_TO_32_BIT_CONVERSION = YES;
				GCC_WARN_ABOUT_RETURN_TYPE = YES_ERROR;
				GCC_WARN_UNDECLARED_SELECTOR = YES;
				GCC_WARN_UNINITIALIZED_AUTOS = YES;
				GCC_WARN_UNUSED_FUNCTION = YES;
				GCC_WARN_UNUSED_VARIABLE = YES;
				IPHONEOS_DEPLOYMENT_TARGET = 7.0;
				ONLY_ACTIVE_ARCH = YES;
				SDKROOT = iphoneos;
			};
			name = Debug;
		};
		1BD83AC518A59F1D00EDBB6D /* Release */ = {
			isa = XCBuildConfiguration;
			buildSettings = {
				ALWAYS_SEARCH_USER_PATHS = NO;
				ARCHS = "$(ARCHS_STANDARD_INCLUDING_64_BIT)";
				CLANG_CXX_LANGUAGE_STANDARD = "gnu++0x";
				CLANG_CXX_LIBRARY = "libc++";
				CLANG_ENABLE_MODULES = YES;
				CLANG_ENABLE_OBJC_ARC = YES;
				CLANG_WARN_BOOL_CONVERSION = YES;
				CLANG_WARN_CONSTANT_CONVERSION = YES;
				CLANG_WARN_DIRECT_OBJC_ISA_USAGE = YES_ERROR;
				CLANG_WARN_EMPTY_BODY = YES;
				CLANG_WARN_ENUM_CONVERSION = YES;
				CLANG_WARN_INT_CONVERSION = YES;
				CLANG_WARN_OBJC_ROOT_CLASS = YES_ERROR;
				CLANG_WARN__DUPLICATE_METHOD_MATCH = YES;
				"CODE_SIGN_IDENTITY[sdk=iphoneos*]" = "iPhone Developer";
				COPY_PHASE_STRIP = YES;
				ENABLE_NS_ASSERTIONS = NO;
				GCC_C_LANGUAGE_STANDARD = gnu99;
				GCC_WARN_64_TO_32_BIT_CONVERSION = YES;
				GCC_WARN_ABOUT_RETURN_TYPE = YES_ERROR;
				GCC_WARN_UNDECLARED_SELECTOR = YES;
				GCC_WARN_UNINITIALIZED_AUTOS = YES;
				GCC_WARN_UNUSED_FUNCTION = YES;
				GCC_WARN_UNUSED_VARIABLE = YES;
				IPHONEOS_DEPLOYMENT_TARGET = 7.0;
				SDKROOT = iphoneos;
				VALIDATE_PRODUCT = YES;
			};
			name = Release;
		};
		1BD83AC718A59F1D00EDBB6D /* Debug */ = {
			isa = XCBuildConfiguration;
			buildSettings = {
				ASSETCATALOG_COMPILER_APPICON_NAME = AppIcon;
				ASSETCATALOG_COMPILER_LAUNCHIMAGE_NAME = LaunchImage;
				GCC_PRECOMPILE_PREFIX_HEADER = YES;
				GCC_PREFIX_HEADER = "UW Info/UW Info-Prefix.pch";
				INFOPLIST_FILE = "UW Info/UW Info-Info.plist";
				PRODUCT_NAME = "$(TARGET_NAME)";
				WRAPPER_EXTENSION = app;
			};
			name = Debug;
		};
		1BD83AC818A59F1D00EDBB6D /* Release */ = {
			isa = XCBuildConfiguration;
			buildSettings = {
				ASSETCATALOG_COMPILER_APPICON_NAME = AppIcon;
				ASSETCATALOG_COMPILER_LAUNCHIMAGE_NAME = LaunchImage;
				GCC_PRECOMPILE_PREFIX_HEADER = YES;
				GCC_PREFIX_HEADER = "UW Info/UW Info-Prefix.pch";
				INFOPLIST_FILE = "UW Info/UW Info-Info.plist";
				PRODUCT_NAME = "$(TARGET_NAME)";
				WRAPPER_EXTENSION = app;
			};
			name = Release;
		};
		1BD83ACA18A59F1D00EDBB6D /* Debug */ = {
			isa = XCBuildConfiguration;
			buildSettings = {
				ARCHS = "$(ARCHS_STANDARD_INCLUDING_64_BIT)";
				BUNDLE_LOADER = "$(BUILT_PRODUCTS_DIR)/UW Info.app/UW Info";
				FRAMEWORK_SEARCH_PATHS = (
					"$(SDKROOT)/Developer/Library/Frameworks",
					"$(inherited)",
					"$(DEVELOPER_FRAMEWORKS_DIR)",
				);
				GCC_PRECOMPILE_PREFIX_HEADER = YES;
				GCC_PREFIX_HEADER = "UW Info/UW Info-Prefix.pch";
				GCC_PREPROCESSOR_DEFINITIONS = (
					"DEBUG=1",
					"$(inherited)",
				);
				INFOPLIST_FILE = "UW InfoTests/UW InfoTests-Info.plist";
				PRODUCT_NAME = "$(TARGET_NAME)";
				TEST_HOST = "$(BUNDLE_LOADER)";
				WRAPPER_EXTENSION = xctest;
			};
			name = Debug;
		};
		1BD83ACB18A59F1D00EDBB6D /* Release */ = {
			isa = XCBuildConfiguration;
			buildSettings = {
				ARCHS = "$(ARCHS_STANDARD_INCLUDING_64_BIT)";
				BUNDLE_LOADER = "$(BUILT_PRODUCTS_DIR)/UW Info.app/UW Info";
				FRAMEWORK_SEARCH_PATHS = (
					"$(SDKROOT)/Developer/Library/Frameworks",
					"$(inherited)",
					"$(DEVELOPER_FRAMEWORKS_DIR)",
				);
				GCC_PRECOMPILE_PREFIX_HEADER = YES;
				GCC_PREFIX_HEADER = "UW Info/UW Info-Prefix.pch";
				INFOPLIST_FILE = "UW InfoTests/UW InfoTests-Info.plist";
				PRODUCT_NAME = "$(TARGET_NAME)";
				TEST_HOST = "$(BUNDLE_LOADER)";
				WRAPPER_EXTENSION = xctest;
			};
			name = Release;
		};
/* End XCBuildConfiguration section */

/* Begin XCConfigurationList section */
		1BD83A8C18A59F1C00EDBB6D /* Build configuration list for PBXProject "UW Info" */ = {
			isa = XCConfigurationList;
			buildConfigurations = (
				1BD83AC418A59F1D00EDBB6D /* Debug */,
				1BD83AC518A59F1D00EDBB6D /* Release */,
			);
			defaultConfigurationIsVisible = 0;
			defaultConfigurationName = Release;
		};
		1BD83AC618A59F1D00EDBB6D /* Build configuration list for PBXNativeTarget "UW Info" */ = {
			isa = XCConfigurationList;
			buildConfigurations = (
				1BD83AC718A59F1D00EDBB6D /* Debug */,
				1BD83AC818A59F1D00EDBB6D /* Release */,
			);
			defaultConfigurationIsVisible = 0;
			defaultConfigurationName = Release;
		};
		1BD83AC918A59F1D00EDBB6D /* Build configuration list for PBXNativeTarget "UW InfoTests" */ = {
			isa = XCConfigurationList;
			buildConfigurations = (
				1BD83ACA18A59F1D00EDBB6D /* Debug */,
				1BD83ACB18A59F1D00EDBB6D /* Release */,
			);
			defaultConfigurationIsVisible = 0;
			defaultConfigurationName = Release;
		};
/* End XCConfigurationList section */
	};
	rootObject = 1BD83A8918A59F1C00EDBB6D /* Project object */;
}
