// !$*UTF8*$!
{
	archiveVersion = 1;
	classes = {
	};
	objectVersion = 46;
	objects = {

/* Begin PBXBuildFile section */
		1B050C7918BFB4BB00DCC342 /* InfoDetailedTitleButton.m in Sources */ = {isa = PBXBuildFile; fileRef = 1B050C7818BFB4BB00DCC342 /* InfoDetailedTitleButton.m */; };
		1B050C8718BFBD1700DCC342 /* RECommonFunctions.m in Sources */ = {isa = PBXBuildFile; fileRef = 1B050C7E18BFBD1700DCC342 /* RECommonFunctions.m */; };
		1B050C8818BFBD1700DCC342 /* REMenu.m in Sources */ = {isa = PBXBuildFile; fileRef = 1B050C8018BFBD1700DCC342 /* REMenu.m */; };
		1B050C8918BFBD1700DCC342 /* REMenuItem.m in Sources */ = {isa = PBXBuildFile; fileRef = 1B050C8218BFBD1700DCC342 /* REMenuItem.m */; };
		1B050C8A18BFBD1700DCC342 /* REMenuItemView.m in Sources */ = {isa = PBXBuildFile; fileRef = 1B050C8418BFBD1700DCC342 /* REMenuItemView.m */; };
		1B050C8B18BFBD1700DCC342 /* REMenuContainerView.m in Sources */ = {isa = PBXBuildFile; fileRef = 1B050C8618BFBD1700DCC342 /* REMenuContainerView.m */; };
		1B050C8E18BFC18B00DCC342 /* UWTermMenu.m in Sources */ = {isa = PBXBuildFile; fileRef = 1B050C8D18BFC18B00DCC342 /* UWTermMenu.m */; };
		1B19834918A618A60022A285 /* DetailViewController.m in Sources */ = {isa = PBXBuildFile; fileRef = 1B19834818A618A60022A285 /* DetailViewController.m */; };
		1B2040B918B3F75300C72D51 /* ProgressHUD.bundle in Resources */ = {isa = PBXBuildFile; fileRef = 1B2040B618B3F75300C72D51 /* ProgressHUD.bundle */; };
		1B2040BA18B3F75300C72D51 /* ProgressHUD.m in Sources */ = {isa = PBXBuildFile; fileRef = 1B2040B818B3F75300C72D51 /* ProgressHUD.m */; };
		1B2040BF18B5DCB500C72D51 /* CoreData.framework in Frameworks */ = {isa = PBXBuildFile; fileRef = 1B2040BE18B5DCB500C72D51 /* CoreData.framework */; };
		1B2076EB18AAA65100FE7088 /* AlertViewController.m in Sources */ = {isa = PBXBuildFile; fileRef = 1B2076EA18AAA65100FE7088 /* AlertViewController.m */; };
		1B2F746718AF66190042322B /* AFHTTPRequestOperation.m in Sources */ = {isa = PBXBuildFile; fileRef = 1B2F745518AF66190042322B /* AFHTTPRequestOperation.m */; };
		1B2F746818AF66190042322B /* AFHTTPRequestOperationManager.m in Sources */ = {isa = PBXBuildFile; fileRef = 1B2F745718AF66190042322B /* AFHTTPRequestOperationManager.m */; };
		1B2F746918AF66190042322B /* AFHTTPSessionManager.m in Sources */ = {isa = PBXBuildFile; fileRef = 1B2F745918AF66190042322B /* AFHTTPSessionManager.m */; };
		1B2F746A18AF66190042322B /* AFNetworkReachabilityManager.m in Sources */ = {isa = PBXBuildFile; fileRef = 1B2F745C18AF66190042322B /* AFNetworkReachabilityManager.m */; };
		1B2F746B18AF66190042322B /* AFSecurityPolicy.m in Sources */ = {isa = PBXBuildFile; fileRef = 1B2F745E18AF66190042322B /* AFSecurityPolicy.m */; };
		1B2F746C18AF66190042322B /* AFURLConnectionOperation.m in Sources */ = {isa = PBXBuildFile; fileRef = 1B2F746018AF66190042322B /* AFURLConnectionOperation.m */; };
		1B2F746D18AF66190042322B /* AFURLRequestSerialization.m in Sources */ = {isa = PBXBuildFile; fileRef = 1B2F746218AF66190042322B /* AFURLRequestSerialization.m */; };
		1B2F746E18AF66190042322B /* AFURLResponseSerialization.m in Sources */ = {isa = PBXBuildFile; fileRef = 1B2F746418AF66190042322B /* AFURLResponseSerialization.m */; };
		1B2F746F18AF66190042322B /* AFURLSessionManager.m in Sources */ = {isa = PBXBuildFile; fileRef = 1B2F746618AF66190042322B /* AFURLSessionManager.m */; };
		1B2F748218AF66210042322B /* AFNetworkActivityIndicatorManager.m in Sources */ = {isa = PBXBuildFile; fileRef = 1B2F747218AF66210042322B /* AFNetworkActivityIndicatorManager.m */; };
		1B2F748318AF66210042322B /* UIActivityIndicatorView+AFNetworking.m in Sources */ = {isa = PBXBuildFile; fileRef = 1B2F747418AF66210042322B /* UIActivityIndicatorView+AFNetworking.m */; };
		1B2F748418AF66210042322B /* UIAlertView+AFNetworking.m in Sources */ = {isa = PBXBuildFile; fileRef = 1B2F747618AF66210042322B /* UIAlertView+AFNetworking.m */; };
		1B2F748518AF66210042322B /* UIButton+AFNetworking.m in Sources */ = {isa = PBXBuildFile; fileRef = 1B2F747818AF66210042322B /* UIButton+AFNetworking.m */; };
		1B2F748618AF66210042322B /* UIImageView+AFNetworking.m in Sources */ = {isa = PBXBuildFile; fileRef = 1B2F747A18AF66210042322B /* UIImageView+AFNetworking.m */; };
		1B2F748718AF66210042322B /* UIProgressView+AFNetworking.m in Sources */ = {isa = PBXBuildFile; fileRef = 1B2F747D18AF66210042322B /* UIProgressView+AFNetworking.m */; };
		1B2F748818AF66210042322B /* UIRefreshControl+AFNetworking.m in Sources */ = {isa = PBXBuildFile; fileRef = 1B2F747F18AF66210042322B /* UIRefreshControl+AFNetworking.m */; };
		1B2F748918AF66210042322B /* UIWebView+AFNetworking.m in Sources */ = {isa = PBXBuildFile; fileRef = 1B2F748118AF66210042322B /* UIWebView+AFNetworking.m */; };
		1B3744FA18A5A842007CF08C /* InfoSessionsViewController.m in Sources */ = {isa = PBXBuildFile; fileRef = 1B3744F918A5A842007CF08C /* InfoSessionsViewController.m */; };
		1B37453718A5BA28007CF08C /* InfoSession.m in Sources */ = {isa = PBXBuildFile; fileRef = 1B37453618A5BA28007CF08C /* InfoSession.m */; };
		1B37453C18A5D0CE007CF08C /* UWInfoSessionClient.m in Sources */ = {isa = PBXBuildFile; fileRef = 1B37453B18A5D0CE007CF08C /* UWInfoSessionClient.m */; };
		1B4DD55618AC90B4009B0214 /* MapViewController.m in Sources */ = {isa = PBXBuildFile; fileRef = 1B4DD55518AC90B4009B0214 /* MapViewController.m */; };
		1B59BB2018C441AA00D6112B /* SearchViewController.m in Sources */ = {isa = PBXBuildFile; fileRef = 1B59BB1F18C441AA00D6112B /* SearchViewController.m */; };
		1B6EDE4E18C66DB800EBFEB9 /* UWTodayButton.m in Sources */ = {isa = PBXBuildFile; fileRef = 1B6EDE4D18C66DB800EBFEB9 /* UWTodayButton.m */; };
		1B6F54C618AC218600D3DD47 /* EventKit.framework in Frameworks */ = {isa = PBXBuildFile; fileRef = 1B6F54C518AC218600D3DD47 /* EventKit.framework */; };
		1B6F54C818AC219000D3DD47 /* EventKitUI.framework in Frameworks */ = {isa = PBXBuildFile; fileRef = 1B6F54C718AC219000D3DD47 /* EventKitUI.framework */; };
		1B717E5F18A7F7DC00E20A29 /* DetailLinkCell.m in Sources */ = {isa = PBXBuildFile; fileRef = 1B717E5E18A7F7DC00E20A29 /* DetailLinkCell.m */; };
		1B717E6518A809F900E20A29 /* DetailRSVPCell.m in Sources */ = {isa = PBXBuildFile; fileRef = 1B717E6418A809F900E20A29 /* DetailRSVPCell.m */; };
		1B717E6D18A80A7A00E20A29 /* InfoSessionCell.m in Sources */ = {isa = PBXBuildFile; fileRef = 1B717E6A18A80A7A00E20A29 /* InfoSessionCell.m */; };
		1B717E6E18A80A7A00E20A29 /* LoadingCell.m in Sources */ = {isa = PBXBuildFile; fileRef = 1B717E6C18A80A7A00E20A29 /* LoadingCell.m */; };
		1B717E7118A80B8200E20A29 /* DetailDescriptionCell.m in Sources */ = {isa = PBXBuildFile; fileRef = 1B717E7018A80B8200E20A29 /* DetailDescriptionCell.m */; };
		1B717E7618A8294600E20A29 /* DetailNormalCell.m in Sources */ = {isa = PBXBuildFile; fileRef = 1B717E7518A8294600E20A29 /* DetailNormalCell.m */; };
		1B8C557C18B7BCB60070CD82 /* EKEvent+NSCoding.m in Sources */ = {isa = PBXBuildFile; fileRef = 1B8C557B18B7BCB60070CD82 /* EKEvent+NSCoding.m */; };
		1BAD97E618A98F65006F4546 /* InfoSessionModel.m in Sources */ = {isa = PBXBuildFile; fileRef = 1BAD97E518A98F65006F4546 /* InfoSessionModel.m */; };
		1BAD97E918A9CAE2006F4546 /* UWTabBarController.m in Sources */ = {isa = PBXBuildFile; fileRef = 1BAD97E818A9CAE2006F4546 /* UWTabBarController.m */; };
		1BAD97EF18A9DEF6006F4546 /* MyInfoViewController.m in Sources */ = {isa = PBXBuildFile; fileRef = 1BAD97EE18A9DEF6006F4546 /* MyInfoViewController.m */; };
		1BB1A12018C908BB00823A0D /* alarm.caf in Resources */ = {isa = PBXBuildFile; fileRef = 1BB1A11F18C9040C00823A0D /* alarm.caf */; };
		1BD83A9518A59F1C00EDBB6D /* Foundation.framework in Frameworks */ = {isa = PBXBuildFile; fileRef = 1BD83A9418A59F1C00EDBB6D /* Foundation.framework */; };
		1BD83A9718A59F1C00EDBB6D /* CoreGraphics.framework in Frameworks */ = {isa = PBXBuildFile; fileRef = 1BD83A9618A59F1C00EDBB6D /* CoreGraphics.framework */; };
		1BD83A9918A59F1C00EDBB6D /* UIKit.framework in Frameworks */ = {isa = PBXBuildFile; fileRef = 1BD83A9818A59F1C00EDBB6D /* UIKit.framework */; };
		1BD83A9F18A59F1C00EDBB6D /* InfoPlist.strings in Resources */ = {isa = PBXBuildFile; fileRef = 1BD83A9D18A59F1C00EDBB6D /* InfoPlist.strings */; };
		1BD83AA118A59F1C00EDBB6D /* main.m in Sources */ = {isa = PBXBuildFile; fileRef = 1BD83AA018A59F1C00EDBB6D /* main.m */; };
		1BD83AA518A59F1C00EDBB6D /* UWAppDelegate.m in Sources */ = {isa = PBXBuildFile; fileRef = 1BD83AA418A59F1C00EDBB6D /* UWAppDelegate.m */; };
		1BD83AA818A59F1C00EDBB6D /* Main.storyboard in Resources */ = {isa = PBXBuildFile; fileRef = 1BD83AA618A59F1C00EDBB6D /* Main.storyboard */; };
		1BD83AB018A59F1C00EDBB6D /* Images.xcassets in Resources */ = {isa = PBXBuildFile; fileRef = 1BD83AAF18A59F1C00EDBB6D /* Images.xcassets */; };
		1BD83AB718A59F1D00EDBB6D /* XCTest.framework in Frameworks */ = {isa = PBXBuildFile; fileRef = 1BD83AB618A59F1D00EDBB6D /* XCTest.framework */; };
		1BD83AB818A59F1D00EDBB6D /* Foundation.framework in Frameworks */ = {isa = PBXBuildFile; fileRef = 1BD83A9418A59F1C00EDBB6D /* Foundation.framework */; };
		1BD83AB918A59F1D00EDBB6D /* UIKit.framework in Frameworks */ = {isa = PBXBuildFile; fileRef = 1BD83A9818A59F1C00EDBB6D /* UIKit.framework */; };
		1BD83AC118A59F1D00EDBB6D /* InfoPlist.strings in Resources */ = {isa = PBXBuildFile; fileRef = 1BD83ABF18A59F1D00EDBB6D /* InfoPlist.strings */; };
		1BD83AC318A59F1D00EDBB6D /* UW_InfoTests.m in Sources */ = {isa = PBXBuildFile; fileRef = 1BD83AC218A59F1D00EDBB6D /* UW_InfoTests.m */; };
		1BD967CB18C8D7850097FCD6 /* map_colour300.png in Resources */ = {isa = PBXBuildFile; fileRef = 1BD967C918C8D7850097FCD6 /* map_colour300.png */; };
		1BF0542318A93ECC005C04B2 /* DetailSwitchCell.m in Sources */ = {isa = PBXBuildFile; fileRef = 1BF0542218A93ECC005C04B2 /* DetailSwitchCell.m */; };
/* End PBXBuildFile section */

/* Begin PBXContainerItemProxy section */
		1BD83ABA18A59F1D00EDBB6D /* PBXContainerItemProxy */ = {
			isa = PBXContainerItemProxy;
			containerPortal = 1BD83A8918A59F1C00EDBB6D /* Project object */;
			proxyType = 1;
			remoteGlobalIDString = 1BD83A9018A59F1C00EDBB6D;
			remoteInfo = "UW Info";
		};
/* End PBXContainerItemProxy section */

/* Begin PBXFileReference section */
		1B050C7718BFB4BB00DCC342 /* InfoDetailedTitleButton.h */ = {isa = PBXFileReference; fileEncoding = 4; lastKnownFileType = sourcecode.c.h; path = InfoDetailedTitleButton.h; sourceTree = "<group>"; };
		1B050C7818BFB4BB00DCC342 /* InfoDetailedTitleButton.m */ = {isa = PBXFileReference; fileEncoding = 4; lastKnownFileType = sourcecode.c.objc; path = InfoDetailedTitleButton.m; sourceTree = "<group>"; };
		1B050C7D18BFBD1700DCC342 /* RECommonFunctions.h */ = {isa = PBXFileReference; fileEncoding = 4; lastKnownFileType = sourcecode.c.h; path = RECommonFunctions.h; sourceTree = "<group>"; };
		1B050C7E18BFBD1700DCC342 /* RECommonFunctions.m */ = {isa = PBXFileReference; fileEncoding = 4; lastKnownFileType = sourcecode.c.objc; path = RECommonFunctions.m; sourceTree = "<group>"; };
		1B050C7F18BFBD1700DCC342 /* REMenu.h */ = {isa = PBXFileReference; fileEncoding = 4; lastKnownFileType = sourcecode.c.h; path = REMenu.h; sourceTree = "<group>"; };
		1B050C8018BFBD1700DCC342 /* REMenu.m */ = {isa = PBXFileReference; fileEncoding = 4; lastKnownFileType = sourcecode.c.objc; path = REMenu.m; sourceTree = "<group>"; };
		1B050C8118BFBD1700DCC342 /* REMenuItem.h */ = {isa = PBXFileReference; fileEncoding = 4; lastKnownFileType = sourcecode.c.h; path = REMenuItem.h; sourceTree = "<group>"; };
		1B050C8218BFBD1700DCC342 /* REMenuItem.m */ = {isa = PBXFileReference; fileEncoding = 4; lastKnownFileType = sourcecode.c.objc; path = REMenuItem.m; sourceTree = "<group>"; };
		1B050C8318BFBD1700DCC342 /* REMenuItemView.h */ = {isa = PBXFileReference; fileEncoding = 4; lastKnownFileType = sourcecode.c.h; path = REMenuItemView.h; sourceTree = "<group>"; };
		1B050C8418BFBD1700DCC342 /* REMenuItemView.m */ = {isa = PBXFileReference; fileEncoding = 4; lastKnownFileType = sourcecode.c.objc; path = REMenuItemView.m; sourceTree = "<group>"; };
		1B050C8518BFBD1700DCC342 /* REMenuContainerView.h */ = {isa = PBXFileReference; fileEncoding = 4; lastKnownFileType = sourcecode.c.h; path = REMenuContainerView.h; sourceTree = "<group>"; };
		1B050C8618BFBD1700DCC342 /* REMenuContainerView.m */ = {isa = PBXFileReference; fileEncoding = 4; lastKnownFileType = sourcecode.c.objc; path = REMenuContainerView.m; sourceTree = "<group>"; };
		1B050C8C18BFC18B00DCC342 /* UWTermMenu.h */ = {isa = PBXFileReference; fileEncoding = 4; lastKnownFileType = sourcecode.c.h; path = UWTermMenu.h; sourceTree = "<group>"; };
		1B050C8D18BFC18B00DCC342 /* UWTermMenu.m */ = {isa = PBXFileReference; fileEncoding = 4; lastKnownFileType = sourcecode.c.objc; path = UWTermMenu.m; sourceTree = "<group>"; };
		1B19834718A618A60022A285 /* DetailViewController.h */ = {isa = PBXFileReference; fileEncoding = 4; lastKnownFileType = sourcecode.c.h; name = DetailViewController.h; path = ViewController/DetailViewController.h; sourceTree = "<group>"; };
		1B19834818A618A60022A285 /* DetailViewController.m */ = {isa = PBXFileReference; fileEncoding = 4; lastKnownFileType = sourcecode.c.objc; name = DetailViewController.m; path = ViewController/DetailViewController.m; sourceTree = "<group>"; };
		1B2040B618B3F75300C72D51 /* ProgressHUD.bundle */ = {isa = PBXFileReference; lastKnownFileType = "wrapper.plug-in"; path = ProgressHUD.bundle; sourceTree = "<group>"; };
		1B2040B718B3F75300C72D51 /* ProgressHUD.h */ = {isa = PBXFileReference; fileEncoding = 4; lastKnownFileType = sourcecode.c.h; path = ProgressHUD.h; sourceTree = "<group>"; };
		1B2040B818B3F75300C72D51 /* ProgressHUD.m */ = {isa = PBXFileReference; fileEncoding = 4; lastKnownFileType = sourcecode.c.objc; path = ProgressHUD.m; sourceTree = "<group>"; };
		1B2040BE18B5DCB500C72D51 /* CoreData.framework */ = {isa = PBXFileReference; lastKnownFileType = wrapper.framework; name = CoreData.framework; path = System/Library/Frameworks/CoreData.framework; sourceTree = SDKROOT; };
		1B2076E918AAA65100FE7088 /* AlertViewController.h */ = {isa = PBXFileReference; fileEncoding = 4; lastKnownFileType = sourcecode.c.h; path = AlertViewController.h; sourceTree = "<group>"; };
		1B2076EA18AAA65100FE7088 /* AlertViewController.m */ = {isa = PBXFileReference; fileEncoding = 4; lastKnownFileType = sourcecode.c.objc; path = AlertViewController.m; sourceTree = "<group>"; };
		1B2F745418AF66190042322B /* AFHTTPRequestOperation.h */ = {isa = PBXFileReference; fileEncoding = 4; lastKnownFileType = sourcecode.c.h; path = AFHTTPRequestOperation.h; sourceTree = "<group>"; };
		1B2F745518AF66190042322B /* AFHTTPRequestOperation.m */ = {isa = PBXFileReference; fileEncoding = 4; lastKnownFileType = sourcecode.c.objc; path = AFHTTPRequestOperation.m; sourceTree = "<group>"; };
		1B2F745618AF66190042322B /* AFHTTPRequestOperationManager.h */ = {isa = PBXFileReference; fileEncoding = 4; lastKnownFileType = sourcecode.c.h; path = AFHTTPRequestOperationManager.h; sourceTree = "<group>"; };
		1B2F745718AF66190042322B /* AFHTTPRequestOperationManager.m */ = {isa = PBXFileReference; fileEncoding = 4; lastKnownFileType = sourcecode.c.objc; path = AFHTTPRequestOperationManager.m; sourceTree = "<group>"; };
		1B2F745818AF66190042322B /* AFHTTPSessionManager.h */ = {isa = PBXFileReference; fileEncoding = 4; lastKnownFileType = sourcecode.c.h; path = AFHTTPSessionManager.h; sourceTree = "<group>"; };
		1B2F745918AF66190042322B /* AFHTTPSessionManager.m */ = {isa = PBXFileReference; fileEncoding = 4; lastKnownFileType = sourcecode.c.objc; path = AFHTTPSessionManager.m; sourceTree = "<group>"; };
		1B2F745A18AF66190042322B /* AFNetworking.h */ = {isa = PBXFileReference; fileEncoding = 4; lastKnownFileType = sourcecode.c.h; path = AFNetworking.h; sourceTree = "<group>"; };
		1B2F745B18AF66190042322B /* AFNetworkReachabilityManager.h */ = {isa = PBXFileReference; fileEncoding = 4; lastKnownFileType = sourcecode.c.h; path = AFNetworkReachabilityManager.h; sourceTree = "<group>"; };
		1B2F745C18AF66190042322B /* AFNetworkReachabilityManager.m */ = {isa = PBXFileReference; fileEncoding = 4; lastKnownFileType = sourcecode.c.objc; path = AFNetworkReachabilityManager.m; sourceTree = "<group>"; };
		1B2F745D18AF66190042322B /* AFSecurityPolicy.h */ = {isa = PBXFileReference; fileEncoding = 4; lastKnownFileType = sourcecode.c.h; path = AFSecurityPolicy.h; sourceTree = "<group>"; };
		1B2F745E18AF66190042322B /* AFSecurityPolicy.m */ = {isa = PBXFileReference; fileEncoding = 4; lastKnownFileType = sourcecode.c.objc; path = AFSecurityPolicy.m; sourceTree = "<group>"; };
		1B2F745F18AF66190042322B /* AFURLConnectionOperation.h */ = {isa = PBXFileReference; fileEncoding = 4; lastKnownFileType = sourcecode.c.h; path = AFURLConnectionOperation.h; sourceTree = "<group>"; };
		1B2F746018AF66190042322B /* AFURLConnectionOperation.m */ = {isa = PBXFileReference; fileEncoding = 4; lastKnownFileType = sourcecode.c.objc; path = AFURLConnectionOperation.m; sourceTree = "<group>"; };
		1B2F746118AF66190042322B /* AFURLRequestSerialization.h */ = {isa = PBXFileReference; fileEncoding = 4; lastKnownFileType = sourcecode.c.h; path = AFURLRequestSerialization.h; sourceTree = "<group>"; };
		1B2F746218AF66190042322B /* AFURLRequestSerialization.m */ = {isa = PBXFileReference; fileEncoding = 4; lastKnownFileType = sourcecode.c.objc; path = AFURLRequestSerialization.m; sourceTree = "<group>"; };
		1B2F746318AF66190042322B /* AFURLResponseSerialization.h */ = {isa = PBXFileReference; fileEncoding = 4; lastKnownFileType = sourcecode.c.h; path = AFURLResponseSerialization.h; sourceTree = "<group>"; };
		1B2F746418AF66190042322B /* AFURLResponseSerialization.m */ = {isa = PBXFileReference; fileEncoding = 4; lastKnownFileType = sourcecode.c.objc; path = AFURLResponseSerialization.m; sourceTree = "<group>"; };
		1B2F746518AF66190042322B /* AFURLSessionManager.h */ = {isa = PBXFileReference; fileEncoding = 4; lastKnownFileType = sourcecode.c.h; path = AFURLSessionManager.h; sourceTree = "<group>"; };
		1B2F746618AF66190042322B /* AFURLSessionManager.m */ = {isa = PBXFileReference; fileEncoding = 4; lastKnownFileType = sourcecode.c.objc; path = AFURLSessionManager.m; sourceTree = "<group>"; };
		1B2F747118AF66210042322B /* AFNetworkActivityIndicatorManager.h */ = {isa = PBXFileReference; fileEncoding = 4; lastKnownFileType = sourcecode.c.h; path = AFNetworkActivityIndicatorManager.h; sourceTree = "<group>"; };
		1B2F747218AF66210042322B /* AFNetworkActivityIndicatorManager.m */ = {isa = PBXFileReference; fileEncoding = 4; lastKnownFileType = sourcecode.c.objc; path = AFNetworkActivityIndicatorManager.m; sourceTree = "<group>"; };
		1B2F747318AF66210042322B /* UIActivityIndicatorView+AFNetworking.h */ = {isa = PBXFileReference; fileEncoding = 4; lastKnownFileType = sourcecode.c.h; path = "UIActivityIndicatorView+AFNetworking.h"; sourceTree = "<group>"; };
		1B2F747418AF66210042322B /* UIActivityIndicatorView+AFNetworking.m */ = {isa = PBXFileReference; fileEncoding = 4; lastKnownFileType = sourcecode.c.objc; path = "UIActivityIndicatorView+AFNetworking.m"; sourceTree = "<group>"; };
		1B2F747518AF66210042322B /* UIAlertView+AFNetworking.h */ = {isa = PBXFileReference; fileEncoding = 4; lastKnownFileType = sourcecode.c.h; path = "UIAlertView+AFNetworking.h"; sourceTree = "<group>"; };
		1B2F747618AF66210042322B /* UIAlertView+AFNetworking.m */ = {isa = PBXFileReference; fileEncoding = 4; lastKnownFileType = sourcecode.c.objc; path = "UIAlertView+AFNetworking.m"; sourceTree = "<group>"; };
		1B2F747718AF66210042322B /* UIButton+AFNetworking.h */ = {isa = PBXFileReference; fileEncoding = 4; lastKnownFileType = sourcecode.c.h; path = "UIButton+AFNetworking.h"; sourceTree = "<group>"; };
		1B2F747818AF66210042322B /* UIButton+AFNetworking.m */ = {isa = PBXFileReference; fileEncoding = 4; lastKnownFileType = sourcecode.c.objc; path = "UIButton+AFNetworking.m"; sourceTree = "<group>"; };
		1B2F747918AF66210042322B /* UIImageView+AFNetworking.h */ = {isa = PBXFileReference; fileEncoding = 4; lastKnownFileType = sourcecode.c.h; path = "UIImageView+AFNetworking.h"; sourceTree = "<group>"; };
		1B2F747A18AF66210042322B /* UIImageView+AFNetworking.m */ = {isa = PBXFileReference; fileEncoding = 4; lastKnownFileType = sourcecode.c.objc; path = "UIImageView+AFNetworking.m"; sourceTree = "<group>"; };
		1B2F747B18AF66210042322B /* UIKit+AFNetworking.h */ = {isa = PBXFileReference; fileEncoding = 4; lastKnownFileType = sourcecode.c.h; path = "UIKit+AFNetworking.h"; sourceTree = "<group>"; };
		1B2F747C18AF66210042322B /* UIProgressView+AFNetworking.h */ = {isa = PBXFileReference; fileEncoding = 4; lastKnownFileType = sourcecode.c.h; path = "UIProgressView+AFNetworking.h"; sourceTree = "<group>"; };
		1B2F747D18AF66210042322B /* UIProgressView+AFNetworking.m */ = {isa = PBXFileReference; fileEncoding = 4; lastKnownFileType = sourcecode.c.objc; path = "UIProgressView+AFNetworking.m"; sourceTree = "<group>"; };
		1B2F747E18AF66210042322B /* UIRefreshControl+AFNetworking.h */ = {isa = PBXFileReference; fileEncoding = 4; lastKnownFileType = sourcecode.c.h; path = "UIRefreshControl+AFNetworking.h"; sourceTree = "<group>"; };
		1B2F747F18AF66210042322B /* UIRefreshControl+AFNetworking.m */ = {isa = PBXFileReference; fileEncoding = 4; lastKnownFileType = sourcecode.c.objc; path = "UIRefreshControl+AFNetworking.m"; sourceTree = "<group>"; };
		1B2F748018AF66210042322B /* UIWebView+AFNetworking.h */ = {isa = PBXFileReference; fileEncoding = 4; lastKnownFileType = sourcecode.c.h; path = "UIWebView+AFNetworking.h"; sourceTree = "<group>"; };
		1B2F748118AF66210042322B /* UIWebView+AFNetworking.m */ = {isa = PBXFileReference; fileEncoding = 4; lastKnownFileType = sourcecode.c.objc; path = "UIWebView+AFNetworking.m"; sourceTree = "<group>"; };
		1B3744F818A5A842007CF08C /* InfoSessionsViewController.h */ = {isa = PBXFileReference; fileEncoding = 4; lastKnownFileType = sourcecode.c.h; name = InfoSessionsViewController.h; path = ViewController/InfoSessionsViewController.h; sourceTree = "<group>"; };
		1B3744F918A5A842007CF08C /* InfoSessionsViewController.m */ = {isa = PBXFileReference; fileEncoding = 4; lastKnownFileType = sourcecode.c.objc; name = InfoSessionsViewController.m; path = ViewController/InfoSessionsViewController.m; sourceTree = "<group>"; };
		1B37453518A5BA28007CF08C /* InfoSession.h */ = {isa = PBXFileReference; fileEncoding = 4; lastKnownFileType = sourcecode.c.h; name = InfoSession.h; path = Model/InfoSession.h; sourceTree = "<group>"; };
		1B37453618A5BA28007CF08C /* InfoSession.m */ = {isa = PBXFileReference; fileEncoding = 4; lastKnownFileType = sourcecode.c.objc; name = InfoSession.m; path = Model/InfoSession.m; sourceTree = "<group>"; };
		1B37453A18A5D0CE007CF08C /* UWInfoSessionClient.h */ = {isa = PBXFileReference; fileEncoding = 4; lastKnownFileType = sourcecode.c.h; path = UWInfoSessionClient.h; sourceTree = "<group>"; };
		1B37453B18A5D0CE007CF08C /* UWInfoSessionClient.m */ = {isa = PBXFileReference; fileEncoding = 4; lastKnownFileType = sourcecode.c.objc; path = UWInfoSessionClient.m; sourceTree = "<group>"; };
		1B4DD55418AC90B4009B0214 /* MapViewController.h */ = {isa = PBXFileReference; fileEncoding = 4; lastKnownFileType = sourcecode.c.h; name = MapViewController.h; path = ViewController/MapViewController.h; sourceTree = "<group>"; };
		1B4DD55518AC90B4009B0214 /* MapViewController.m */ = {isa = PBXFileReference; fileEncoding = 4; lastKnownFileType = sourcecode.c.objc; name = MapViewController.m; path = ViewController/MapViewController.m; sourceTree = "<group>"; };
		1B59BB1E18C441AA00D6112B /* SearchViewController.h */ = {isa = PBXFileReference; fileEncoding = 4; lastKnownFileType = sourcecode.c.h; name = SearchViewController.h; path = ViewController/SearchViewController.h; sourceTree = "<group>"; };
		1B59BB1F18C441AA00D6112B /* SearchViewController.m */ = {isa = PBXFileReference; fileEncoding = 4; lastKnownFileType = sourcecode.c.objc; name = SearchViewController.m; path = ViewController/SearchViewController.m; sourceTree = "<group>"; };
		1B6EDE4C18C66DB800EBFEB9 /* UWTodayButton.h */ = {isa = PBXFileReference; fileEncoding = 4; lastKnownFileType = sourcecode.c.h; path = UWTodayButton.h; sourceTree = "<group>"; };
		1B6EDE4D18C66DB800EBFEB9 /* UWTodayButton.m */ = {isa = PBXFileReference; fileEncoding = 4; lastKnownFileType = sourcecode.c.objc; path = UWTodayButton.m; sourceTree = "<group>"; };
		1B6F54C518AC218600D3DD47 /* EventKit.framework */ = {isa = PBXFileReference; lastKnownFileType = wrapper.framework; name = EventKit.framework; path = System/Library/Frameworks/EventKit.framework; sourceTree = SDKROOT; };
		1B6F54C718AC219000D3DD47 /* EventKitUI.framework */ = {isa = PBXFileReference; lastKnownFileType = wrapper.framework; name = EventKitUI.framework; path = System/Library/Frameworks/EventKitUI.framework; sourceTree = SDKROOT; };
		1B717E5D18A7F7DC00E20A29 /* DetailLinkCell.h */ = {isa = PBXFileReference; fileEncoding = 4; lastKnownFileType = sourcecode.c.h; name = DetailLinkCell.h; path = TableViewCell/DetailLinkCell.h; sourceTree = "<group>"; };
		1B717E5E18A7F7DC00E20A29 /* DetailLinkCell.m */ = {isa = PBXFileReference; fileEncoding = 4; lastKnownFileType = sourcecode.c.objc; name = DetailLinkCell.m; path = TableViewCell/DetailLinkCell.m; sourceTree = "<group>"; };
		1B717E6318A809F900E20A29 /* DetailRSVPCell.h */ = {isa = PBXFileReference; fileEncoding = 4; lastKnownFileType = sourcecode.c.h; name = DetailRSVPCell.h; path = TableViewCell/DetailRSVPCell.h; sourceTree = "<group>"; };
		1B717E6418A809F900E20A29 /* DetailRSVPCell.m */ = {isa = PBXFileReference; fileEncoding = 4; lastKnownFileType = sourcecode.c.objc; name = DetailRSVPCell.m; path = TableViewCell/DetailRSVPCell.m; sourceTree = "<group>"; };
		1B717E6918A80A7A00E20A29 /* InfoSessionCell.h */ = {isa = PBXFileReference; fileEncoding = 4; lastKnownFileType = sourcecode.c.h; name = InfoSessionCell.h; path = TableViewCell/InfoSessionCell.h; sourceTree = "<group>"; };
		1B717E6A18A80A7A00E20A29 /* InfoSessionCell.m */ = {isa = PBXFileReference; fileEncoding = 4; lastKnownFileType = sourcecode.c.objc; name = InfoSessionCell.m; path = TableViewCell/InfoSessionCell.m; sourceTree = "<group>"; };
		1B717E6B18A80A7A00E20A29 /* LoadingCell.h */ = {isa = PBXFileReference; fileEncoding = 4; lastKnownFileType = sourcecode.c.h; name = LoadingCell.h; path = TableViewCell/LoadingCell.h; sourceTree = "<group>"; };
		1B717E6C18A80A7A00E20A29 /* LoadingCell.m */ = {isa = PBXFileReference; fileEncoding = 4; lastKnownFileType = sourcecode.c.objc; name = LoadingCell.m; path = TableViewCell/LoadingCell.m; sourceTree = "<group>"; };
		1B717E6F18A80B8200E20A29 /* DetailDescriptionCell.h */ = {isa = PBXFileReference; fileEncoding = 4; lastKnownFileType = sourcecode.c.h; name = DetailDescriptionCell.h; path = TableViewCell/DetailDescriptionCell.h; sourceTree = "<group>"; };
		1B717E7018A80B8200E20A29 /* DetailDescriptionCell.m */ = {isa = PBXFileReference; fileEncoding = 4; lastKnownFileType = sourcecode.c.objc; name = DetailDescriptionCell.m; path = TableViewCell/DetailDescriptionCell.m; sourceTree = "<group>"; };
		1B717E7418A8294600E20A29 /* DetailNormalCell.h */ = {isa = PBXFileReference; fileEncoding = 4; lastKnownFileType = sourcecode.c.h; name = DetailNormalCell.h; path = TableViewCell/DetailNormalCell.h; sourceTree = "<group>"; };
		1B717E7518A8294600E20A29 /* DetailNormalCell.m */ = {isa = PBXFileReference; fileEncoding = 4; lastKnownFileType = sourcecode.c.objc; name = DetailNormalCell.m; path = TableViewCell/DetailNormalCell.m; sourceTree = "<group>"; };
		1B8C557A18B7BCB60070CD82 /* EKEvent+NSCoding.h */ = {isa = PBXFileReference; fileEncoding = 4; lastKnownFileType = sourcecode.c.h; name = "EKEvent+NSCoding.h"; path = "Category/EKEvent+NSCoding.h"; sourceTree = "<group>"; };
		1B8C557B18B7BCB60070CD82 /* EKEvent+NSCoding.m */ = {isa = PBXFileReference; fileEncoding = 4; lastKnownFileType = sourcecode.c.objc; name = "EKEvent+NSCoding.m"; path = "Category/EKEvent+NSCoding.m"; sourceTree = "<group>"; };
		1BAD97E418A98F65006F4546 /* InfoSessionModel.h */ = {isa = PBXFileReference; fileEncoding = 4; lastKnownFileType = sourcecode.c.h; name = InfoSessionModel.h; path = Model/InfoSessionModel.h; sourceTree = "<group>"; };
		1BAD97E518A98F65006F4546 /* InfoSessionModel.m */ = {isa = PBXFileReference; fileEncoding = 4; lastKnownFileType = sourcecode.c.objc; name = InfoSessionModel.m; path = Model/InfoSessionModel.m; sourceTree = "<group>"; };
		1BAD97E718A9CAE2006F4546 /* UWTabBarController.h */ = {isa = PBXFileReference; fileEncoding = 4; lastKnownFileType = sourcecode.c.h; name = UWTabBarController.h; path = ViewController/UWTabBarController.h; sourceTree = "<group>"; };
		1BAD97E818A9CAE2006F4546 /* UWTabBarController.m */ = {isa = PBXFileReference; fileEncoding = 4; lastKnownFileType = sourcecode.c.objc; name = UWTabBarController.m; path = ViewController/UWTabBarController.m; sourceTree = "<group>"; };
		1BAD97ED18A9DEF6006F4546 /* MyInfoViewController.h */ = {isa = PBXFileReference; fileEncoding = 4; lastKnownFileType = sourcecode.c.h; name = MyInfoViewController.h; path = ViewController/MyInfoViewController.h; sourceTree = "<group>"; };
		1BAD97EE18A9DEF6006F4546 /* MyInfoViewController.m */ = {isa = PBXFileReference; fileEncoding = 4; lastKnownFileType = sourcecode.c.objc; name = MyInfoViewController.m; path = ViewController/MyInfoViewController.m; sourceTree = "<group>"; };
		1BB1A11F18C9040C00823A0D /* alarm.caf */ = {isa = PBXFileReference; lastKnownFileType = file; name = alarm.caf; path = Resources/alarm.caf; sourceTree = "<group>"; };
		1BD83A9118A59F1C00EDBB6D /* UW Info.app */ = {isa = PBXFileReference; explicitFileType = wrapper.application; includeInIndex = 0; path = "UW Info.app"; sourceTree = BUILT_PRODUCTS_DIR; };
		1BD83A9418A59F1C00EDBB6D /* Foundation.framework */ = {isa = PBXFileReference; lastKnownFileType = wrapper.framework; name = Foundation.framework; path = System/Library/Frameworks/Foundation.framework; sourceTree = SDKROOT; };
		1BD83A9618A59F1C00EDBB6D /* CoreGraphics.framework */ = {isa = PBXFileReference; lastKnownFileType = wrapper.framework; name = CoreGraphics.framework; path = System/Library/Frameworks/CoreGraphics.framework; sourceTree = SDKROOT; };
		1BD83A9818A59F1C00EDBB6D /* UIKit.framework */ = {isa = PBXFileReference; lastKnownFileType = wrapper.framework; name = UIKit.framework; path = System/Library/Frameworks/UIKit.framework; sourceTree = SDKROOT; };
		1BD83A9C18A59F1C00EDBB6D /* UW Info-Info.plist */ = {isa = PBXFileReference; lastKnownFileType = text.plist.xml; path = "UW Info-Info.plist"; sourceTree = "<group>"; };
		1BD83A9E18A59F1C00EDBB6D /* en */ = {isa = PBXFileReference; lastKnownFileType = text.plist.strings; name = en; path = en.lproj/InfoPlist.strings; sourceTree = "<group>"; };
		1BD83AA018A59F1C00EDBB6D /* main.m */ = {isa = PBXFileReference; lastKnownFileType = sourcecode.c.objc; path = main.m; sourceTree = "<group>"; };
		1BD83AA218A59F1C00EDBB6D /* UW Info-Prefix.pch */ = {isa = PBXFileReference; lastKnownFileType = sourcecode.c.h; path = "UW Info-Prefix.pch"; sourceTree = "<group>"; };
		1BD83AA318A59F1C00EDBB6D /* UWAppDelegate.h */ = {isa = PBXFileReference; lastKnownFileType = sourcecode.c.h; path = UWAppDelegate.h; sourceTree = "<group>"; };
		1BD83AA418A59F1C00EDBB6D /* UWAppDelegate.m */ = {isa = PBXFileReference; lastKnownFileType = sourcecode.c.objc; path = UWAppDelegate.m; sourceTree = "<group>"; };
		1BD83AA718A59F1C00EDBB6D /* Base */ = {isa = PBXFileReference; lastKnownFileType = file.storyboard; name = Base; path = Base.lproj/Main.storyboard; sourceTree = "<group>"; };
		1BD83AAF18A59F1C00EDBB6D /* Images.xcassets */ = {isa = PBXFileReference; lastKnownFileType = folder.assetcatalog; path = Images.xcassets; sourceTree = "<group>"; };
		1BD83AB518A59F1D00EDBB6D /* UW InfoTests.xctest */ = {isa = PBXFileReference; explicitFileType = wrapper.cfbundle; includeInIndex = 0; path = "UW InfoTests.xctest"; sourceTree = BUILT_PRODUCTS_DIR; };
		1BD83AB618A59F1D00EDBB6D /* XCTest.framework */ = {isa = PBXFileReference; lastKnownFileType = wrapper.framework; name = XCTest.framework; path = Library/Frameworks/XCTest.framework; sourceTree = DEVELOPER_DIR; };
		1BD83ABE18A59F1D00EDBB6D /* UW InfoTests-Info.plist */ = {isa = PBXFileReference; lastKnownFileType = text.plist.xml; path = "UW InfoTests-Info.plist"; sourceTree = "<group>"; };
		1BD83AC018A59F1D00EDBB6D /* en */ = {isa = PBXFileReference; lastKnownFileType = text.plist.strings; name = en; path = en.lproj/InfoPlist.strings; sourceTree = "<group>"; };
		1BD83AC218A59F1D00EDBB6D /* UW_InfoTests.m */ = {isa = PBXFileReference; lastKnownFileType = sourcecode.c.objc; path = UW_InfoTests.m; sourceTree = "<group>"; };
		1BD967C918C8D7850097FCD6 /* map_colour300.png */ = {isa = PBXFileReference; lastKnownFileType = image.png; name = map_colour300.png; path = Resources/map_colour300.png; sourceTree = "<group>"; };
		1BF0542118A93ECC005C04B2 /* DetailSwitchCell.h */ = {isa = PBXFileReference; fileEncoding = 4; lastKnownFileType = sourcecode.c.h; name = DetailSwitchCell.h; path = TableViewCell/DetailSwitchCell.h; sourceTree = "<group>"; };
		1BF0542218A93ECC005C04B2 /* DetailSwitchCell.m */ = {isa = PBXFileReference; fileEncoding = 4; lastKnownFileType = sourcecode.c.objc; name = DetailSwitchCell.m; path = TableViewCell/DetailSwitchCell.m; sourceTree = "<group>"; };
/* End PBXFileReference section */

/* Begin PBXFrameworksBuildPhase section */
		1BD83A8E18A59F1C00EDBB6D /* Frameworks */ = {
			isa = PBXFrameworksBuildPhase;
			buildActionMask = 2147483647;
			files = (
				1B2040BF18B5DCB500C72D51 /* CoreData.framework in Frameworks */,
				1B6F54C818AC219000D3DD47 /* EventKitUI.framework in Frameworks */,
				1B6F54C618AC218600D3DD47 /* EventKit.framework in Frameworks */,
				1BD83A9718A59F1C00EDBB6D /* CoreGraphics.framework in Frameworks */,
				1BD83A9918A59F1C00EDBB6D /* UIKit.framework in Frameworks */,
				1BD83A9518A59F1C00EDBB6D /* Foundation.framework in Frameworks */,
			);
			runOnlyForDeploymentPostprocessing = 0;
		};
		1BD83AB218A59F1D00EDBB6D /* Frameworks */ = {
			isa = PBXFrameworksBuildPhase;
			buildActionMask = 2147483647;
			files = (
				1BD83AB718A59F1D00EDBB6D /* XCTest.framework in Frameworks */,
				1BD83AB918A59F1D00EDBB6D /* UIKit.framework in Frameworks */,
				1BD83AB818A59F1D00EDBB6D /* Foundation.framework in Frameworks */,
			);
			runOnlyForDeploymentPostprocessing = 0;
		};
/* End PBXFrameworksBuildPhase section */

/* Begin PBXGroup section */
		1B050C7A18BFB4DB00DCC342 /* Cells */ = {
			isa = PBXGroup;
			children = (
				1B717E6918A80A7A00E20A29 /* InfoSessionCell.h */,
				1B717E6A18A80A7A00E20A29 /* InfoSessionCell.m */,
				1B717E6B18A80A7A00E20A29 /* LoadingCell.h */,
				1B717E6C18A80A7A00E20A29 /* LoadingCell.m */,
			);
			name = Cells;
			sourceTree = "<group>";
		};
		1B050C7B18BFB4E700DCC342 /* Cells */ = {
			isa = PBXGroup;
			children = (
				1B717E7418A8294600E20A29 /* DetailNormalCell.h */,
				1B717E7518A8294600E20A29 /* DetailNormalCell.m */,
				1B717E5D18A7F7DC00E20A29 /* DetailLinkCell.h */,
				1B717E5E18A7F7DC00E20A29 /* DetailLinkCell.m */,
				1B717E6318A809F900E20A29 /* DetailRSVPCell.h */,
				1B717E6418A809F900E20A29 /* DetailRSVPCell.m */,
				1B717E6F18A80B8200E20A29 /* DetailDescriptionCell.h */,
				1B717E7018A80B8200E20A29 /* DetailDescriptionCell.m */,
				1BF0542118A93ECC005C04B2 /* DetailSwitchCell.h */,
				1BF0542218A93ECC005C04B2 /* DetailSwitchCell.m */,
			);
			name = Cells;
			sourceTree = "<group>";
		};
		1B050C7C18BFBD0A00DCC342 /* REMenu */ = {
			isa = PBXGroup;
			children = (
				1B050C7D18BFBD1700DCC342 /* RECommonFunctions.h */,
				1B050C7E18BFBD1700DCC342 /* RECommonFunctions.m */,
				1B050C7F18BFBD1700DCC342 /* REMenu.h */,
				1B050C8018BFBD1700DCC342 /* REMenu.m */,
				1B050C8118BFBD1700DCC342 /* REMenuItem.h */,
				1B050C8218BFBD1700DCC342 /* REMenuItem.m */,
				1B050C8318BFBD1700DCC342 /* REMenuItemView.h */,
				1B050C8418BFBD1700DCC342 /* REMenuItemView.m */,
				1B050C8518BFBD1700DCC342 /* REMenuContainerView.h */,
				1B050C8618BFBD1700DCC342 /* REMenuContainerView.m */,
			);
			name = REMenu;
			sourceTree = "<group>";
		};
		1B2040B518B3F75300C72D51 /* ProgressHUD */ = {
			isa = PBXGroup;
			children = (
				1B2040B618B3F75300C72D51 /* ProgressHUD.bundle */,
				1B2040B718B3F75300C72D51 /* ProgressHUD.h */,
				1B2040B818B3F75300C72D51 /* ProgressHUD.m */,
			);
			path = ProgressHUD;
			sourceTree = "<group>";
		};
		1B2076E718AAA56E00FE7088 /* MyInfoViewController */ = {
			isa = PBXGroup;
			children = (
				1BAD97ED18A9DEF6006F4546 /* MyInfoViewController.h */,
				1BAD97EE18A9DEF6006F4546 /* MyInfoViewController.m */,
			);
			name = MyInfoViewController;
			sourceTree = "<group>";
		};
		1B2076E818AAA58500FE7088 /* SearchViewController */ = {
			isa = PBXGroup;
			children = (
				1B59BB1E18C441AA00D6112B /* SearchViewController.h */,
				1B59BB1F18C441AA00D6112B /* SearchViewController.m */,
			);
			name = SearchViewController;
			sourceTree = "<group>";
		};
		1B2076EC18AAA67000FE7088 /* AlertViewController */ = {
			isa = PBXGroup;
			children = (
				1B2076E918AAA65100FE7088 /* AlertViewController.h */,
				1B2076EA18AAA65100FE7088 /* AlertViewController.m */,
			);
			name = AlertViewController;
			sourceTree = "<group>";
		};
		1B2F745318AF66190042322B /* AFNetworking */ = {
			isa = PBXGroup;
			children = (
				1B2F745418AF66190042322B /* AFHTTPRequestOperation.h */,
				1B2F745518AF66190042322B /* AFHTTPRequestOperation.m */,
				1B2F745618AF66190042322B /* AFHTTPRequestOperationManager.h */,
				1B2F745718AF66190042322B /* AFHTTPRequestOperationManager.m */,
				1B2F745818AF66190042322B /* AFHTTPSessionManager.h */,
				1B2F745918AF66190042322B /* AFHTTPSessionManager.m */,
				1B2F745A18AF66190042322B /* AFNetworking.h */,
				1B2F745B18AF66190042322B /* AFNetworkReachabilityManager.h */,
				1B2F745C18AF66190042322B /* AFNetworkReachabilityManager.m */,
				1B2F745D18AF66190042322B /* AFSecurityPolicy.h */,
				1B2F745E18AF66190042322B /* AFSecurityPolicy.m */,
				1B2F745F18AF66190042322B /* AFURLConnectionOperation.h */,
				1B2F746018AF66190042322B /* AFURLConnectionOperation.m */,
				1B2F746118AF66190042322B /* AFURLRequestSerialization.h */,
				1B2F746218AF66190042322B /* AFURLRequestSerialization.m */,
				1B2F746318AF66190042322B /* AFURLResponseSerialization.h */,
				1B2F746418AF66190042322B /* AFURLResponseSerialization.m */,
				1B2F746518AF66190042322B /* AFURLSessionManager.h */,
				1B2F746618AF66190042322B /* AFURLSessionManager.m */,
			);
			name = AFNetworking;
			path = ../AFNetworking;
			sourceTree = "<group>";
		};
		1B2F747018AF66210042322B /* UIKit+AFNetworking */ = {
			isa = PBXGroup;
			children = (
				1B2F747118AF66210042322B /* AFNetworkActivityIndicatorManager.h */,
				1B2F747218AF66210042322B /* AFNetworkActivityIndicatorManager.m */,
				1B2F747318AF66210042322B /* UIActivityIndicatorView+AFNetworking.h */,
				1B2F747418AF66210042322B /* UIActivityIndicatorView+AFNetworking.m */,
				1B2F747518AF66210042322B /* UIAlertView+AFNetworking.h */,
				1B2F747618AF66210042322B /* UIAlertView+AFNetworking.m */,
				1B2F747718AF66210042322B /* UIButton+AFNetworking.h */,
				1B2F747818AF66210042322B /* UIButton+AFNetworking.m */,
				1B2F747918AF66210042322B /* UIImageView+AFNetworking.h */,
				1B2F747A18AF66210042322B /* UIImageView+AFNetworking.m */,
				1B2F747B18AF66210042322B /* UIKit+AFNetworking.h */,
				1B2F747C18AF66210042322B /* UIProgressView+AFNetworking.h */,
				1B2F747D18AF66210042322B /* UIProgressView+AFNetworking.m */,
				1B2F747E18AF66210042322B /* UIRefreshControl+AFNetworking.h */,
				1B2F747F18AF66210042322B /* UIRefreshControl+AFNetworking.m */,
				1B2F748018AF66210042322B /* UIWebView+AFNetworking.h */,
				1B2F748118AF66210042322B /* UIWebView+AFNetworking.m */,
			);
			name = "UIKit+AFNetworking";
			path = "../UIKit+AFNetworking";
			sourceTree = "<group>";
		};
		1B37453818A5BA2C007CF08C /* Models */ = {
			isa = PBXGroup;
			children = (
				1B37453518A5BA28007CF08C /* InfoSession.h */,
				1B37453618A5BA28007CF08C /* InfoSession.m */,
				1BAD97E418A98F65006F4546 /* InfoSessionModel.h */,
				1BAD97E518A98F65006F4546 /* InfoSessionModel.m */,
			);
			name = Models;
			sourceTree = "<group>";
		};
		1B37453918A5BA3D007CF08C /* Controllers */ = {
			isa = PBXGroup;
			children = (
				1BAD97E718A9CAE2006F4546 /* UWTabBarController.h */,
				1BAD97E818A9CAE2006F4546 /* UWTabBarController.m */,
				1B717E7218A8140E00E20A29 /* InfoSessionsViewController */,
				1B717E7318A8142A00E20A29 /* DetailViewController */,
				1B2076E718AAA56E00FE7088 /* MyInfoViewController */,
				1B2076E818AAA58500FE7088 /* SearchViewController */,
			);
			name = Controllers;
			sourceTree = "<group>";
		};
		1B37453D18A5D0D6007CF08C /* Networking Extensions */ = {
			isa = PBXGroup;
			children = (
				1B37453A18A5D0CE007CF08C /* UWInfoSessionClient.h */,
				1B37453B18A5D0CE007CF08C /* UWInfoSessionClient.m */,
			);
			name = "Networking Extensions";
			path = ..;
			sourceTree = "<group>";
		};
		1B4DD55718AC90B8009B0214 /* MapViewController */ = {
			isa = PBXGroup;
			children = (
				1B4DD55418AC90B4009B0214 /* MapViewController.h */,
				1B4DD55518AC90B4009B0214 /* MapViewController.m */,
			);
			name = MapViewController;
			sourceTree = "<group>";
		};
		1B717E7218A8140E00E20A29 /* InfoSessionsViewController */ = {
			isa = PBXGroup;
			children = (
				1B3744F818A5A842007CF08C /* InfoSessionsViewController.h */,
				1B3744F918A5A842007CF08C /* InfoSessionsViewController.m */,
				1B6EDE4C18C66DB800EBFEB9 /* UWTodayButton.h */,
				1B6EDE4D18C66DB800EBFEB9 /* UWTodayButton.m */,
				1B050C8C18BFC18B00DCC342 /* UWTermMenu.h */,
				1B050C8D18BFC18B00DCC342 /* UWTermMenu.m */,
				1B050C7718BFB4BB00DCC342 /* InfoDetailedTitleButton.h */,
				1B050C7818BFB4BB00DCC342 /* InfoDetailedTitleButton.m */,
				1B050C7A18BFB4DB00DCC342 /* Cells */,
			);
			name = InfoSessionsViewController;
			sourceTree = "<group>";
		};
		1B717E7318A8142A00E20A29 /* DetailViewController */ = {
			isa = PBXGroup;
			children = (
				1B19834718A618A60022A285 /* DetailViewController.h */,
				1B19834818A618A60022A285 /* DetailViewController.m */,
				1B4DD55718AC90B8009B0214 /* MapViewController */,
				1B2076EC18AAA67000FE7088 /* AlertViewController */,
				1B050C7B18BFB4E700DCC342 /* Cells */,
			);
			name = DetailViewController;
			sourceTree = "<group>";
		};
		1B8C557918B72B490070CD82 /* Categories */ = {
			isa = PBXGroup;
			children = (
				1B8C557A18B7BCB60070CD82 /* EKEvent+NSCoding.h */,
				1B8C557B18B7BCB60070CD82 /* EKEvent+NSCoding.m */,
			);
			name = Categories;
			sourceTree = "<group>";
		};
		1BD83A8818A59F1C00EDBB6D = {
			isa = PBXGroup;
			children = (
				1BD967C818C8D7770097FCD6 /* Resources */,
				1B2040B518B3F75300C72D51 /* ProgressHUD */,
				1BD83A9A18A59F1C00EDBB6D /* UW Info */,
				1BD83ABC18A59F1D00EDBB6D /* UW InfoTests */,
				1BD83A9318A59F1C00EDBB6D /* Frameworks */,
				1BD83A9218A59F1C00EDBB6D /* Products */,
			);
			sourceTree = "<group>";
		};
		1BD83A9218A59F1C00EDBB6D /* Products */ = {
			isa = PBXGroup;
			children = (
				1BD83A9118A59F1C00EDBB6D /* UW Info.app */,
				1BD83AB518A59F1D00EDBB6D /* UW InfoTests.xctest */,
			);
			name = Products;
			sourceTree = "<group>";
		};
		1BD83A9318A59F1C00EDBB6D /* Frameworks */ = {
			isa = PBXGroup;
			children = (
				1B2040BE18B5DCB500C72D51 /* CoreData.framework */,
				1B6F54C718AC219000D3DD47 /* EventKitUI.framework */,
				1B6F54C518AC218600D3DD47 /* EventKit.framework */,
				1BD83A9418A59F1C00EDBB6D /* Foundation.framework */,
				1BD83A9618A59F1C00EDBB6D /* CoreGraphics.framework */,
				1BD83A9818A59F1C00EDBB6D /* UIKit.framework */,
				1BD83AB618A59F1D00EDBB6D /* XCTest.framework */,
			);
			name = Frameworks;
			sourceTree = "<group>";
		};
		1BD83A9A18A59F1C00EDBB6D /* UW Info */ = {
			isa = PBXGroup;
			children = (
				1B050C7C18BFBD0A00DCC342 /* REMenu */,
				1B2F745318AF66190042322B /* AFNetworking */,
				1B2F747018AF66210042322B /* UIKit+AFNetworking */,
				1B37453D18A5D0D6007CF08C /* Networking Extensions */,
				1BD83AA318A59F1C00EDBB6D /* UWAppDelegate.h */,
				1BD83AA418A59F1C00EDBB6D /* UWAppDelegate.m */,
				1B8C557918B72B490070CD82 /* Categories */,
				1B37453818A5BA2C007CF08C /* Models */,
				1B37453918A5BA3D007CF08C /* Controllers */,
				1BD83AAF18A59F1C00EDBB6D /* Images.xcassets */,
				1BD83A9B18A59F1C00EDBB6D /* Supporting Files */,
			);
			path = "UW Info";
			sourceTree = "<group>";
		};
		1BD83A9B18A59F1C00EDBB6D /* Supporting Files */ = {
			isa = PBXGroup;
			children = (
				1BD83AA618A59F1C00EDBB6D /* Main.storyboard */,
				1BD83A9C18A59F1C00EDBB6D /* UW Info-Info.plist */,
				1BD83A9D18A59F1C00EDBB6D /* InfoPlist.strings */,
				1BD83AA018A59F1C00EDBB6D /* main.m */,
				1BD83AA218A59F1C00EDBB6D /* UW Info-Prefix.pch */,
			);
			name = "Supporting Files";
			sourceTree = "<group>";
		};
		1BD83ABC18A59F1D00EDBB6D /* UW InfoTests */ = {
			isa = PBXGroup;
			children = (
				1BD83AC218A59F1D00EDBB6D /* UW_InfoTests.m */,
				1BD83ABD18A59F1D00EDBB6D /* Supporting Files */,
			);
			path = "UW InfoTests";
			sourceTree = "<group>";
		};
		1BD83ABD18A59F1D00EDBB6D /* Supporting Files */ = {
			isa = PBXGroup;
			children = (
				1BD83ABE18A59F1D00EDBB6D /* UW InfoTests-Info.plist */,
				1BD83ABF18A59F1D00EDBB6D /* InfoPlist.strings */,
			);
			name = "Supporting Files";
			sourceTree = "<group>";
		};
		1BD967C818C8D7770097FCD6 /* Resources */ = {
			isa = PBXGroup;
			children = (
				1BD967C918C8D7850097FCD6 /* map_colour300.png */,
				1BB1A11F18C9040C00823A0D /* alarm.caf */,
			);
			name = Resources;
			sourceTree = "<group>";
		};
/* End PBXGroup section */

/* Begin PBXNativeTarget section */
		1BD83A9018A59F1C00EDBB6D /* UW Info */ = {
			isa = PBXNativeTarget;
			buildConfigurationList = 1BD83AC618A59F1D00EDBB6D /* Build configuration list for PBXNativeTarget "UW Info" */;
			buildPhases = (
				1BD83A8D18A59F1C00EDBB6D /* Sources */,
				1BD83A8E18A59F1C00EDBB6D /* Frameworks */,
				1BD83A8F18A59F1C00EDBB6D /* Resources */,
			);
			buildRules = (
			);
			dependencies = (
			);
			name = "UW Info";
			productName = "UW Info";
			productReference = 1BD83A9118A59F1C00EDBB6D /* UW Info.app */;
			productType = "com.apple.product-type.application";
		};
		1BD83AB418A59F1D00EDBB6D /* UW InfoTests */ = {
			isa = PBXNativeTarget;
			buildConfigurationList = 1BD83AC918A59F1D00EDBB6D /* Build configuration list for PBXNativeTarget "UW InfoTests" */;
			buildPhases = (
				1BD83AB118A59F1D00EDBB6D /* Sources */,
				1BD83AB218A59F1D00EDBB6D /* Frameworks */,
				1BD83AB318A59F1D00EDBB6D /* Resources */,
			);
			buildRules = (
			);
			dependencies = (
				1BD83ABB18A59F1D00EDBB6D /* PBXTargetDependency */,
			);
			name = "UW InfoTests";
			productName = "UW InfoTests";
			productReference = 1BD83AB518A59F1D00EDBB6D /* UW InfoTests.xctest */;
			productType = "com.apple.product-type.bundle.unit-test";
		};
/* End PBXNativeTarget section */

/* Begin PBXProject section */
		1BD83A8918A59F1C00EDBB6D /* Project object */ = {
			isa = PBXProject;
			attributes = {
				CLASSPREFIX = UW;
				LastUpgradeCheck = 0500;
				ORGANIZATIONNAME = "org-honghao";
				TargetAttributes = {
					1BD83A9018A59F1C00EDBB6D = {
						DevelopmentTeam = UYW9ZSKZAQ;
					};
					1BD83AB418A59F1D00EDBB6D = {
						TestTargetID = 1BD83A9018A59F1C00EDBB6D;
					};
				};
			};
			buildConfigurationList = 1BD83A8C18A59F1C00EDBB6D /* Build configuration list for PBXProject "UW Info" */;
			compatibilityVersion = "Xcode 3.2";
			developmentRegion = English;
			hasScannedForEncodings = 0;
			knownRegions = (
				en,
				Base,
			);
			mainGroup = 1BD83A8818A59F1C00EDBB6D;
			productRefGroup = 1BD83A9218A59F1C00EDBB6D /* Products */;
			projectDirPath = "";
			projectRoot = "";
			targets = (
				1BD83A9018A59F1C00EDBB6D /* UW Info */,
				1BD83AB418A59F1D00EDBB6D /* UW InfoTests */,
			);
		};
/* End PBXProject section */

/* Begin PBXResourcesBuildPhase section */
		1BD83A8F18A59F1C00EDBB6D /* Resources */ = {
			isa = PBXResourcesBuildPhase;
			buildActionMask = 2147483647;
			files = (
				1BD83AB018A59F1C00EDBB6D /* Images.xcassets in Resources */,
				1B2040B918B3F75300C72D51 /* ProgressHUD.bundle in Resources */,
				1BD83A9F18A59F1C00EDBB6D /* InfoPlist.strings in Resources */,
				1BD967CB18C8D7850097FCD6 /* map_colour300.png in Resources */,
				1BB1A12018C908BB00823A0D /* alarm.caf in Resources */,
				1BD83AA818A59F1C00EDBB6D /* Main.storyboard in Resources */,
			);
			runOnlyForDeploymentPostprocessing = 0;
		};
		1BD83AB318A59F1D00EDBB6D /* Resources */ = {
			isa = PBXResourcesBuildPhase;
			buildActionMask = 2147483647;
			files = (
				1BD83AC118A59F1D00EDBB6D /* InfoPlist.strings in Resources */,
			);
			runOnlyForDeploymentPostprocessing = 0;
		};
/* End PBXResourcesBuildPhase section */

/* Begin PBXSourcesBuildPhase section */
		1BD83A8D18A59F1C00EDBB6D /* Sources */ = {
			isa = PBXSourcesBuildPhase;
			buildActionMask = 2147483647;
			files = (
				1BD83AA518A59F1C00EDBB6D /* UWAppDelegate.m in Sources */,
				1BAD97E618A98F65006F4546 /* InfoSessionModel.m in Sources */,
				1B3744FA18A5A842007CF08C /* InfoSessionsViewController.m in Sources */,
				1BAD97EF18A9DEF6006F4546 /* MyInfoViewController.m in Sources */,
				1B2F746C18AF66190042322B /* AFURLConnectionOperation.m in Sources */,
				1B2F746B18AF66190042322B /* AFSecurityPolicy.m in Sources */,
				1B2F748518AF66210042322B /* UIButton+AFNetworking.m in Sources */,
				1B050C7918BFB4BB00DCC342 /* InfoDetailedTitleButton.m in Sources */,
				1B050C8A18BFBD1700DCC342 /* REMenuItemView.m in Sources */,
				1B2F748318AF66210042322B /* UIActivityIndicatorView+AFNetworking.m in Sources */,
				1B2040BA18B3F75300C72D51 /* ProgressHUD.m in Sources */,
				1B2F748718AF66210042322B /* UIProgressView+AFNetworking.m in Sources */,
				1BF0542318A93ECC005C04B2 /* DetailSwitchCell.m in Sources */,
				1B2F746918AF66190042322B /* AFHTTPSessionManager.m in Sources */,
				1B37453718A5BA28007CF08C /* InfoSession.m in Sources */,
				1BAD97E918A9CAE2006F4546 /* UWTabBarController.m in Sources */,
				1B717E7618A8294600E20A29 /* DetailNormalCell.m in Sources */,
				1B717E6E18A80A7A00E20A29 /* LoadingCell.m in Sources */,
				1B2F748218AF66210042322B /* AFNetworkActivityIndicatorManager.m in Sources */,
				1B2F748418AF66210042322B /* UIAlertView+AFNetworking.m in Sources */,
				1B050C8818BFBD1700DCC342 /* REMenu.m in Sources */,
				1B37453C18A5D0CE007CF08C /* UWInfoSessionClient.m in Sources */,
				1B050C8B18BFBD1700DCC342 /* REMenuContainerView.m in Sources */,
				1B19834918A618A60022A285 /* DetailViewController.m in Sources */,
				1B2F746818AF66190042322B /* AFHTTPRequestOperationManager.m in Sources */,
				1B6EDE4E18C66DB800EBFEB9 /* UWTodayButton.m in Sources */,
				1B2F748918AF66210042322B /* UIWebView+AFNetworking.m in Sources */,
				1B717E7118A80B8200E20A29 /* DetailDescriptionCell.m in Sources */,
				1B2F746718AF66190042322B /* AFHTTPRequestOperation.m in Sources */,
				1B050C8918BFBD1700DCC342 /* REMenuItem.m in Sources */,
				1B2F748818AF66210042322B /* UIRefreshControl+AFNetworking.m in Sources */,
				1B2F746F18AF66190042322B /* AFURLSessionManager.m in Sources */,
				1B2076EB18AAA65100FE7088 /* AlertViewController.m in Sources */,
				1B2F746A18AF66190042322B /* AFNetworkReachabilityManager.m in Sources */,
				1B2F746E18AF66190042322B /* AFURLResponseSerialization.m in Sources */,
				1B8C557C18B7BCB60070CD82 /* EKEvent+NSCoding.m in Sources */,
				1B050C8718BFBD1700DCC342 /* RECommonFunctions.m in Sources */,
				1B59BB2018C441AA00D6112B /* SearchViewController.m in Sources */,
				1B2F746D18AF66190042322B /* AFURLRequestSerialization.m in Sources */,
				1B717E5F18A7F7DC00E20A29 /* DetailLinkCell.m in Sources */,
				1B717E6518A809F900E20A29 /* DetailRSVPCell.m in Sources */,
				1B717E6D18A80A7A00E20A29 /* InfoSessionCell.m in Sources */,
				1B4DD55618AC90B4009B0214 /* MapViewController.m in Sources */,
				1B2F748618AF66210042322B /* UIImageView+AFNetworking.m in Sources */,
				1BD83AA118A59F1C00EDBB6D /* main.m in Sources */,
				1B050C8E18BFC18B00DCC342 /* UWTermMenu.m in Sources */,
			);
			runOnlyForDeploymentPostprocessing = 0;
		};
		1BD83AB118A59F1D00EDBB6D /* Sources */ = {
			isa = PBXSourcesBuildPhase;
			buildActionMask = 2147483647;
			files = (
				1BD83AC318A59F1D00EDBB6D /* UW_InfoTests.m in Sources */,
			);
			runOnlyForDeploymentPostprocessing = 0;
		};
/* End PBXSourcesBuildPhase section */

/* Begin PBXTargetDependency section */
		1BD83ABB18A59F1D00EDBB6D /* PBXTargetDependency */ = {
			isa = PBXTargetDependency;
			target = 1BD83A9018A59F1C00EDBB6D /* UW Info */;
			targetProxy = 1BD83ABA18A59F1D00EDBB6D /* PBXContainerItemProxy */;
		};
/* End PBXTargetDependency section */

/* Begin PBXVariantGroup section */
		1BD83A9D18A59F1C00EDBB6D /* InfoPlist.strings */ = {
			isa = PBXVariantGroup;
			children = (
				1BD83A9E18A59F1C00EDBB6D /* en */,
			);
			name = InfoPlist.strings;
			sourceTree = "<group>";
		};
		1BD83AA618A59F1C00EDBB6D /* Main.storyboard */ = {
			isa = PBXVariantGroup;
			children = (
				1BD83AA718A59F1C00EDBB6D /* Base */,
			);
			name = Main.storyboard;
			sourceTree = "<group>";
		};
		1BD83ABF18A59F1D00EDBB6D /* InfoPlist.strings */ = {
			isa = PBXVariantGroup;
			children = (
				1BD83AC018A59F1D00EDBB6D /* en */,
			);
			name = InfoPlist.strings;
			sourceTree = "<group>";
		};
/* End PBXVariantGroup section */

/* Begin XCBuildConfiguration section */
		1BD83AC418A59F1D00EDBB6D /* Debug */ = {
			isa = XCBuildConfiguration;
			buildSettings = {
				ALWAYS_SEARCH_USER_PATHS = NO;
				ARCHS = "$(ARCHS_STANDARD_INCLUDING_64_BIT)";
				CLANG_CXX_LANGUAGE_STANDARD = "gnu++0x";
				CLANG_CXX_LIBRARY = "libc++";
				CLANG_ENABLE_MODULES = YES;
				CLANG_ENABLE_OBJC_ARC = YES;
				CLANG_WARN_BOOL_CONVERSION = YES;
				CLANG_WARN_CONSTANT_CONVERSION = YES;
				CLANG_WARN_DIRECT_OBJC_ISA_USAGE = YES_ERROR;
				CLANG_WARN_EMPTY_BODY = YES;
				CLANG_WARN_ENUM_CONVERSION = YES;
				CLANG_WARN_INT_CONVERSION = YES;
				CLANG_WARN_OBJC_ROOT_CLASS = YES_ERROR;
				CLANG_WARN__DUPLICATE_METHOD_MATCH = YES;
				"CODE_SIGN_IDENTITY[sdk=iphoneos*]" = "iPhone Developer";
				COPY_PHASE_STRIP = NO;
				GCC_C_LANGUAGE_STANDARD = gnu99;
				GCC_DYNAMIC_NO_PIC = NO;
				GCC_OPTIMIZATION_LEVEL = 0;
				GCC_PREPROCESSOR_DEFINITIONS = (
					"DEBUG=1",
					"$(inherited)",
				);
				GCC_SYMBOLS_PRIVATE_EXTERN = NO;
				GCC_WARN_64_TO_32_BIT_CONVERSION = YES;
				GCC_WARN_ABOUT_RETURN_TYPE = YES_ERROR;
				GCC_WARN_UNDECLARED_SELECTOR = YES;
				GCC_WARN_UNINITIALIZED_AUTOS = YES;
				GCC_WARN_UNUSED_FUNCTION = YES;
				GCC_WARN_UNUSED_VARIABLE = YES;
				IPHONEOS_DEPLOYMENT_TARGET = 7.0;
				ONLY_ACTIVE_ARCH = YES;
				SDKROOT = iphoneos;
			};
			name = Debug;
		};
		1BD83AC518A59F1D00EDBB6D /* Release */ = {
			isa = XCBuildConfiguration;
			buildSettings = {
				ALWAYS_SEARCH_USER_PATHS = NO;
				ARCHS = "$(ARCHS_STANDARD_INCLUDING_64_BIT)";
				CLANG_CXX_LANGUAGE_STANDARD = "gnu++0x";
				CLANG_CXX_LIBRARY = "libc++";
				CLANG_ENABLE_MODULES = YES;
				CLANG_ENABLE_OBJC_ARC = YES;
				CLANG_WARN_BOOL_CONVERSION = YES;
				CLANG_WARN_CONSTANT_CONVERSION = YES;
				CLANG_WARN_DIRECT_OBJC_ISA_USAGE = YES_ERROR;
				CLANG_WARN_EMPTY_BODY = YES;
				CLANG_WARN_ENUM_CONVERSION = YES;
				CLANG_WARN_INT_CONVERSION = YES;
				CLANG_WARN_OBJC_ROOT_CLASS = YES_ERROR;
				CLANG_WARN__DUPLICATE_METHOD_MATCH = YES;
				"CODE_SIGN_IDENTITY[sdk=iphoneos*]" = "iPhone Developer";
				COPY_PHASE_STRIP = YES;
				ENABLE_NS_ASSERTIONS = NO;
				GCC_C_LANGUAGE_STANDARD = gnu99;
				GCC_WARN_64_TO_32_BIT_CONVERSION = YES;
				GCC_WARN_ABOUT_RETURN_TYPE = YES_ERROR;
				GCC_WARN_UNDECLARED_SELECTOR = YES;
				GCC_WARN_UNINITIALIZED_AUTOS = YES;
				GCC_WARN_UNUSED_FUNCTION = YES;
				GCC_WARN_UNUSED_VARIABLE = YES;
				IPHONEOS_DEPLOYMENT_TARGET = 7.0;
				SDKROOT = iphoneos;
				VALIDATE_PRODUCT = YES;
			};
			name = Release;
		};
		1BD83AC718A59F1D00EDBB6D /* Debug */ = {
			isa = XCBuildConfiguration;
			buildSettings = {
				ASSETCATALOG_COMPILER_APPICON_NAME = AppIcon;
				ASSETCATALOG_COMPILER_LAUNCHIMAGE_NAME = LaunchImage;
				CODE_SIGN_IDENTITY = "iPhone Developer";
				"CODE_SIGN_IDENTITY[sdk=iphoneos*]" = "iPhone Developer";
				GCC_PRECOMPILE_PREFIX_HEADER = YES;
				GCC_PREFIX_HEADER = "UW Info/UW Info-Prefix.pch";
				INFOPLIST_FILE = "UW Info/UW Info-Info.plist";
				PRODUCT_NAME = "$(TARGET_NAME)";
				PROVISIONING_PROFILE = "4CCCA06F-26CD-4292-B27A-CB8CF8E4FDEA";
				WRAPPER_EXTENSION = app;
			};
			name = Debug;
		};
		1BD83AC818A59F1D00EDBB6D /* Release */ = {
			isa = XCBuildConfiguration;
			buildSettings = {
				ASSETCATALOG_COMPILER_APPICON_NAME = AppIcon;
				ASSETCATALOG_COMPILER_LAUNCHIMAGE_NAME = LaunchImage;
				CODE_SIGN_IDENTITY = "iPhone Developer";
				"CODE_SIGN_IDENTITY[sdk=iphoneos*]" = "iPhone Developer";
				GCC_PRECOMPILE_PREFIX_HEADER = YES;
				GCC_PREFIX_HEADER = "UW Info/UW Info-Prefix.pch";
				INFOPLIST_FILE = "UW Info/UW Info-Info.plist";
				PRODUCT_NAME = "$(TARGET_NAME)";
				PROVISIONING_PROFILE = "A530C563-B03F-447A-AD1C-8D2333D3863C";
				WRAPPER_EXTENSION = app;
			};
			name = Release;
		};
		1BD83ACA18A59F1D00EDBB6D /* Debug */ = {
			isa = XCBuildConfiguration;
			buildSettings = {
				ARCHS = "$(ARCHS_STANDARD_INCLUDING_64_BIT)";
				BUNDLE_LOADER = "$(BUILT_PRODUCTS_DIR)/UW Info.app/UW Info";
				FRAMEWORK_SEARCH_PATHS = (
					"$(SDKROOT)/Developer/Library/Frameworks",
					"$(inherited)",
					"$(DEVELOPER_FRAMEWORKS_DIR)",
				);
				GCC_PRECOMPILE_PREFIX_HEADER = YES;
				GCC_PREFIX_HEADER = "UW Info/UW Info-Prefix.pch";
				GCC_PREPROCESSOR_DEFINITIONS = (
					"DEBUG=1",
					"$(inherited)",
				);
				INFOPLIST_FILE = "UW InfoTests/UW InfoTests-Info.plist";
				PRODUCT_NAME = "$(TARGET_NAME)";
				TEST_HOST = "$(BUNDLE_LOADER)";
				WRAPPER_EXTENSION = xctest;
			};
			name = Debug;
		};
		1BD83ACB18A59F1D00EDBB6D /* Release */ = {
			isa = XCBuildConfiguration;
			buildSettings = {
				ARCHS = "$(ARCHS_STANDARD_INCLUDING_64_BIT)";
				BUNDLE_LOADER = "$(BUILT_PRODUCTS_DIR)/UW Info.app/UW Info";
				FRAMEWORK_SEARCH_PATHS = (
					"$(SDKROOT)/Developer/Library/Frameworks",
					"$(inherited)",
					"$(DEVELOPER_FRAMEWORKS_DIR)",
				);
				GCC_PRECOMPILE_PREFIX_HEADER = YES;
				GCC_PREFIX_HEADER = "UW Info/UW Info-Prefix.pch";
				INFOPLIST_FILE = "UW InfoTests/UW InfoTests-Info.plist";
				PRODUCT_NAME = "$(TARGET_NAME)";
				TEST_HOST = "$(BUNDLE_LOADER)";
				WRAPPER_EXTENSION = xctest;
			};
			name = Release;
		};
/* End XCBuildConfiguration section */

/* Begin XCConfigurationList section */
		1BD83A8C18A59F1C00EDBB6D /* Build configuration list for PBXProject "UW Info" */ = {
			isa = XCConfigurationList;
			buildConfigurations = (
				1BD83AC418A59F1D00EDBB6D /* Debug */,
				1BD83AC518A59F1D00EDBB6D /* Release */,
			);
			defaultConfigurationIsVisible = 0;
			defaultConfigurationName = Release;
		};
		1BD83AC618A59F1D00EDBB6D /* Build configuration list for PBXNativeTarget "UW Info" */ = {
			isa = XCConfigurationList;
			buildConfigurations = (
				1BD83AC718A59F1D00EDBB6D /* Debug */,
				1BD83AC818A59F1D00EDBB6D /* Release */,
			);
			defaultConfigurationIsVisible = 0;
			defaultConfigurationName = Release;
		};
		1BD83AC918A59F1D00EDBB6D /* Build configuration list for PBXNativeTarget "UW InfoTests" */ = {
			isa = XCConfigurationList;
			buildConfigurations = (
				1BD83ACA18A59F1D00EDBB6D /* Debug */,
				1BD83ACB18A59F1D00EDBB6D /* Release */,
			);
			defaultConfigurationIsVisible = 0;
			defaultConfigurationName = Release;
		};
/* End XCConfigurationList section */
	};
	rootObject = 1BD83A8918A59F1C00EDBB6D /* Project object */;
}
